#============================================================
# Build by Terasic System Builder
#============================================================

set_global_assignment -name FAMILY "MAX 10 FPGA"
set_global_assignment -name DEVICE 10M50DAF484C6GES
set_global_assignment -name TOP_LEVEL_ENTITY "ddr3_test"
set_global_assignment -name ORIGINAL_QUARTUS_VERSION 14.1
set_global_assignment -name LAST_QUARTUS_VERSION 15.0.0
set_global_assignment -name PROJECT_CREATION_TIME_DATE "11:47:13 JUNE 06,2018"
set_global_assignment -name DEVICE_FILTER_PACKAGE FBGA
set_global_assignment -name DEVICE_FILTER_PIN_COUNT 484
set_global_assignment -name DEVICE_FILTER_SPEED_GRADE 6
set_global_assignment -name SDC_FILE ddr3_test.SDC

#============================================================
# disable config pin so bank8 can use 1.2V 
#============================================================
set_global_assignment -name AUTO_RESTART_CONFIGURATION ON
set_global_assignment -name ENABLE_CONFIGURATION_PINS OFF
set_global_assignment -name ENABLE_BOOT_SEL_PIN OFF


#============================================================
# CLOCK
#============================================================
#set_location_assignment PIN_M9 -to ADC_CLK_10
#set_instance_assignment -name IO_STANDARD "2.5 V" -to ADC_CLK_10
set_location_assignment PIN_M8 -to MAX10_CLK1_50
set_instance_assignment -name IO_STANDARD "2.5 V" -to MAX10_CLK1_50
set_location_assignment PIN_P11 -to MAX10_CLK2_50
set_instance_assignment -name IO_STANDARD "3.3-V LVTTL" -to MAX10_CLK2_50

#============================================================
# KEY
#============================================================
#set_location_assignment PIN_H21 -to KEY[0]
#set_instance_assignment -name IO_STANDARD "1.5 V SCHMITT TRIGGER" -to KEY[0]
#set_location_assignment PIN_H22 -to KEY[1]
#set_instance_assignment -name IO_STANDARD "1.5 V SCHMITT TRIGGER" -to KEY[1]

#============================================================
# LED
#============================================================
set_location_assignment PIN_C7 -to LED[0]
set_instance_assignment -name IO_STANDARD "1.2 V" -to LED[0]
set_location_assignment PIN_C8 -to LED[1]
set_instance_assignment -name IO_STANDARD "1.2 V" -to LED[1]
set_location_assignment PIN_A6 -to LED[2]
set_instance_assignment -name IO_STANDARD "1.2 V" -to LED[2]
set_location_assignment PIN_B7 -to LED[3]
set_instance_assignment -name IO_STANDARD "1.2 V" -to LED[3]
set_location_assignment PIN_C4 -to LED[4]
set_instance_assignment -name IO_STANDARD "1.2 V" -to LED[4]
set_location_assignment PIN_A5 -to LED[5]
set_instance_assignment -name IO_STANDARD "1.2 V" -to LED[5]
set_location_assignment PIN_B4 -to LED[6]
set_instance_assignment -name IO_STANDARD "1.2 V" -to LED[6]
set_location_assignment PIN_C5 -to LED[7]
set_instance_assignment -name IO_STANDARD "1.2 V" -to LED[7]

#============================================================
# SDRAM
#============================================================
set_location_assignment PIN_E21 -to DDR3_A[0]
set_instance_assignment -name IO_STANDARD "SSTL-15" -to DDR3_A[0] -tag __myddr3l_p0
set_location_assignment PIN_V20 -to DDR3_A[1]
set_instance_assignment -name IO_STANDARD "SSTL-15" -to DDR3_A[1] -tag __myddr3l_p0
set_location_assignment PIN_V21 -to DDR3_A[2]
set_instance_assignment -name IO_STANDARD "SSTL-15" -to DDR3_A[2] -tag __myddr3l_p0
set_location_assignment PIN_C20 -to DDR3_A[3]
set_instance_assignment -name IO_STANDARD "SSTL-15" -to DDR3_A[3] -tag __myddr3l_p0
set_location_assignment PIN_Y21 -to DDR3_A[4]
set_instance_assignment -name IO_STANDARD "SSTL-15" -to DDR3_A[4] -tag __myddr3l_p0
set_location_assignment PIN_J14 -to DDR3_A[5]
set_instance_assignment -name IO_STANDARD "SSTL-15" -to DDR3_A[5] -tag __myddr3l_p0
set_location_assignment PIN_V18 -to DDR3_A[6]
set_instance_assignment -name IO_STANDARD "SSTL-15" -to DDR3_A[6] -tag __myddr3l_p0
set_location_assignment PIN_U20 -to DDR3_A[7]
set_instance_assignment -name IO_STANDARD "SSTL-15" -to DDR3_A[7] -tag __myddr3l_p0
set_location_assignment PIN_Y20 -to DDR3_A[8]
set_instance_assignment -name IO_STANDARD "SSTL-15" -to DDR3_A[8] -tag __myddr3l_p0
set_location_assignment PIN_W22 -to DDR3_A[9]
set_instance_assignment -name IO_STANDARD "SSTL-15" -to DDR3_A[9] -tag __myddr3l_p0
set_location_assignment PIN_C22 -to DDR3_A[10]
set_instance_assignment -name IO_STANDARD "SSTL-15" -to DDR3_A[10] -tag __myddr3l_p0
set_location_assignment PIN_Y22 -to DDR3_A[11]
set_instance_assignment -name IO_STANDARD "SSTL-15" -to DDR3_A[11] -tag __myddr3l_p0
set_location_assignment PIN_N18 -to DDR3_A[12]
set_instance_assignment -name IO_STANDARD "SSTL-15" -to DDR3_A[12] -tag __myddr3l_p0
set_location_assignment PIN_V22 -to DDR3_A[13]
set_instance_assignment -name IO_STANDARD "SSTL-15" -to DDR3_A[13] -tag __myddr3l_p0
set_location_assignment PIN_W20 -to DDR3_A[14]
set_instance_assignment -name IO_STANDARD "SSTL-15" -to DDR3_A[14] -tag __myddr3l_p0
set_location_assignment PIN_D19 -to DDR3_BA[0]
set_instance_assignment -name IO_STANDARD "SSTL-15" -to DDR3_BA[0] -tag __myddr3l_p0
set_location_assignment PIN_W19 -to DDR3_BA[1]
set_instance_assignment -name IO_STANDARD "SSTL-15" -to DDR3_BA[1] -tag __myddr3l_p0
set_location_assignment PIN_F19 -to DDR3_BA[2]
set_instance_assignment -name IO_STANDARD "SSTL-15" -to DDR3_BA[2] -tag __myddr3l_p0
set_location_assignment PIN_E20 -to DDR3_CAS_n
set_instance_assignment -name IO_STANDARD "SSTL-15" -to DDR3_CAS_n -tag __myddr3l_p0
set_location_assignment PIN_B22 -to DDR3_CKE
set_instance_assignment -name IO_STANDARD "SSTL-15" -to DDR3_CKE -tag __myddr3l_p0
set_location_assignment PIN_E18 -to DDR3_CK_n
set_instance_assignment -name IO_STANDARD "DIFFERENTIAL 1.5-V SSTL" -to DDR3_CK_n -tag __myddr3l_p0
set_location_assignment PIN_D18 -to DDR3_CK_p
set_instance_assignment -name IO_STANDARD "DIFFERENTIAL 1.5-V SSTL" -to DDR3_CK_p -tag __myddr3l_p0
set_location_assignment PIN_N15 -to DDR3_CLK_50
set_instance_assignment -name IO_STANDARD "1.5 V" -to DDR3_CLK_50
set_location_assignment PIN_F22 -to DDR3_CS_n
set_instance_assignment -name IO_STANDARD "SSTL-15" -to DDR3_CS_n -tag __myddr3l_p0
set_location_assignment PIN_N19 -to DDR3_DM[0]
set_instance_assignment -name IO_STANDARD "SSTL-15" -to DDR3_DM[0] -tag __myddr3l_p0
set_location_assignment PIN_J15 -to DDR3_DM[1]
set_instance_assignment -name IO_STANDARD "SSTL-15" -to DDR3_DM[1] -tag __myddr3l_p0
set_location_assignment PIN_L20 -to DDR3_DQ[0]
set_instance_assignment -name IO_STANDARD "SSTL-15" -to DDR3_DQ[0] -tag __myddr3l_p0
set_location_assignment PIN_L19 -to DDR3_DQ[1]
set_instance_assignment -name IO_STANDARD "SSTL-15" -to DDR3_DQ[1] -tag __myddr3l_p0
set_location_assignment PIN_L18 -to DDR3_DQ[2]
set_instance_assignment -name IO_STANDARD "SSTL-15" -to DDR3_DQ[2] -tag __myddr3l_p0
set_location_assignment PIN_M15 -to DDR3_DQ[3]
set_instance_assignment -name IO_STANDARD "SSTL-15" -to DDR3_DQ[3] -tag __myddr3l_p0
set_location_assignment PIN_M18 -to DDR3_DQ[4]
set_instance_assignment -name IO_STANDARD "SSTL-15" -to DDR3_DQ[4] -tag __myddr3l_p0
set_location_assignment PIN_M14 -to DDR3_DQ[5]
set_instance_assignment -name IO_STANDARD "SSTL-15" -to DDR3_DQ[5] -tag __myddr3l_p0
set_location_assignment PIN_M20 -to DDR3_DQ[6]
set_instance_assignment -name IO_STANDARD "SSTL-15" -to DDR3_DQ[6] -tag __myddr3l_p0
set_location_assignment PIN_N20 -to DDR3_DQ[7]
set_instance_assignment -name IO_STANDARD "SSTL-15" -to DDR3_DQ[7] -tag __myddr3l_p0
set_location_assignment PIN_K19 -to DDR3_DQ[8]
set_instance_assignment -name IO_STANDARD "SSTL-15" -to DDR3_DQ[8] -tag __myddr3l_p0
set_location_assignment PIN_K18 -to DDR3_DQ[9]
set_instance_assignment -name IO_STANDARD "SSTL-15" -to DDR3_DQ[9] -tag __myddr3l_p0
set_location_assignment PIN_J18 -to DDR3_DQ[10]
set_instance_assignment -name IO_STANDARD "SSTL-15" -to DDR3_DQ[10] -tag __myddr3l_p0
set_location_assignment PIN_K20 -to DDR3_DQ[11]
set_instance_assignment -name IO_STANDARD "SSTL-15" -to DDR3_DQ[11] -tag __myddr3l_p0
set_location_assignment PIN_H18 -to DDR3_DQ[12]
set_instance_assignment -name IO_STANDARD "SSTL-15" -to DDR3_DQ[12] -tag __myddr3l_p0
set_location_assignment PIN_J20 -to DDR3_DQ[13]
set_instance_assignment -name IO_STANDARD "SSTL-15" -to DDR3_DQ[13] -tag __myddr3l_p0
set_location_assignment PIN_H20 -to DDR3_DQ[14]
set_instance_assignment -name IO_STANDARD "SSTL-15" -to DDR3_DQ[14] -tag __myddr3l_p0
set_location_assignment PIN_H19 -to DDR3_DQ[15]
set_instance_assignment -name IO_STANDARD "SSTL-15" -to DDR3_DQ[15] -tag __myddr3l_p0
set_instance_assignment -name IO_STANDARD "DIFFERENTIAL 1.5-V SSTL" -to DDR3_DQS_n[0] -tag __myddr3l_p0
set_instance_assignment -name IO_STANDARD "DIFFERENTIAL 1.5-V SSTL" -to DDR3_DQS_n[1] -tag __myddr3l_p0
set_location_assignment PIN_L14 -to DDR3_DQS_p[0]
set_instance_assignment -name IO_STANDARD "DIFFERENTIAL 1.5-V SSTL" -to DDR3_DQS_p[0] -tag __myddr3l_p0
set_location_assignment PIN_K14 -to DDR3_DQS_p[1]
set_instance_assignment -name IO_STANDARD "DIFFERENTIAL 1.5-V SSTL" -to DDR3_DQS_p[1] -tag __myddr3l_p0
set_location_assignment PIN_G22 -to DDR3_ODT
set_instance_assignment -name IO_STANDARD "SSTL-15" -to DDR3_ODT -tag __myddr3l_p0
set_location_assignment PIN_D22 -to DDR3_RAS_n
set_instance_assignment -name IO_STANDARD "SSTL-15" -to DDR3_RAS_n -tag __myddr3l_p0
set_location_assignment PIN_U19 -to DDR3_RESET_n
set_instance_assignment -name IO_STANDARD 1.5V -to DDR3_RESET_n -tag __myddr3l_p0
set_location_assignment PIN_E22 -to DDR3_WE_n
set_instance_assignment -name IO_STANDARD "SSTL-15" -to DDR3_WE_n -tag __myddr3l_p0

#============================================================
# End of pin assignments by Terasic System Builder
#============================================================


set_global_assignment -name MIN_CORE_JUNCTION_TEMP 0
set_global_assignment -name MAX_CORE_JUNCTION_TEMP 85
set_global_assignment -name POWER_PRESET_COOLING_SOLUTION "23 MM HEAT SINK WITH 200 LFPM AIRFLOW"
set_global_assignment -name POWER_BOARD_THERMAL_MODEL "NONE (CONSERVATIVE)"
set_global_assignment -name TIMEQUEST_MULTICORNER_ANALYSIS ON
set_global_assignment -name PROJECT_OUTPUT_DIRECTORY "E:\\decatest\\QsysTest\\CodeGenerated\\DECA\\ddr3_test\\output_files"
set_global_assignment -name QIP_FILE core/myddr3l.qip
set_global_assignment -name SIP_FILE core/myddr3l.sip
set_global_assignment -name VERILOG_FILE src/wr_rd.v
set_global_assignment -name PARTITION_NETLIST_TYPE SOURCE -section_id Top
set_global_assignment -name PARTITION_FITTER_PRESERVATION_LEVEL PLACEMENT_AND_ROUTING -section_id Top
set_global_assignment -name PARTITION_COLOR 16764057 -section_id Top
set_instance_assignment -name OUTPUT_TERMINATION "SERIES 40 OHM WITH CALIBRATION" -to DDR3_DQ[0] -tag __myddr3l_p0
set_instance_assignment -name OUTPUT_TERMINATION "SERIES 40 OHM WITH CALIBRATION" -to DDR3_DQ[1] -tag __myddr3l_p0
set_instance_assignment -name OUTPUT_TERMINATION "SERIES 40 OHM WITH CALIBRATION" -to DDR3_DQ[2] -tag __myddr3l_p0
set_instance_assignment -name OUTPUT_TERMINATION "SERIES 40 OHM WITH CALIBRATION" -to DDR3_DQ[3] -tag __myddr3l_p0
set_instance_assignment -name OUTPUT_TERMINATION "SERIES 40 OHM WITH CALIBRATION" -to DDR3_DQ[4] -tag __myddr3l_p0
set_instance_assignment -name OUTPUT_TERMINATION "SERIES 40 OHM WITH CALIBRATION" -to DDR3_DQ[5] -tag __myddr3l_p0
set_instance_assignment -name OUTPUT_TERMINATION "SERIES 40 OHM WITH CALIBRATION" -to DDR3_DQ[6] -tag __myddr3l_p0
set_instance_assignment -name OUTPUT_TERMINATION "SERIES 40 OHM WITH CALIBRATION" -to DDR3_DQ[7] -tag __myddr3l_p0
set_instance_assignment -name OUTPUT_TERMINATION "SERIES 40 OHM WITH CALIBRATION" -to DDR3_DQ[8] -tag __myddr3l_p0
set_instance_assignment -name OUTPUT_TERMINATION "SERIES 40 OHM WITH CALIBRATION" -to DDR3_DQ[9] -tag __myddr3l_p0
set_instance_assignment -name OUTPUT_TERMINATION "SERIES 40 OHM WITH CALIBRATION" -to DDR3_DQ[10] -tag __myddr3l_p0
set_instance_assignment -name OUTPUT_TERMINATION "SERIES 40 OHM WITH CALIBRATION" -to DDR3_DQ[11] -tag __myddr3l_p0
set_instance_assignment -name OUTPUT_TERMINATION "SERIES 40 OHM WITH CALIBRATION" -to DDR3_DQ[12] -tag __myddr3l_p0
set_instance_assignment -name OUTPUT_TERMINATION "SERIES 40 OHM WITH CALIBRATION" -to DDR3_DQ[13] -tag __myddr3l_p0
set_instance_assignment -name OUTPUT_TERMINATION "SERIES 40 OHM WITH CALIBRATION" -to DDR3_DQ[14] -tag __myddr3l_p0
set_instance_assignment -name OUTPUT_TERMINATION "SERIES 40 OHM WITH CALIBRATION" -to DDR3_DQ[15] -tag __myddr3l_p0
set_instance_assignment -name OUTPUT_TERMINATION "SERIES 40 OHM WITH CALIBRATION" -to DDR3_DQS_p[0] -tag __myddr3l_p0
set_instance_assignment -name OUTPUT_TERMINATION "SERIES 40 OHM WITH CALIBRATION" -to DDR3_DQS_p[1] -tag __myddr3l_p0
set_instance_assignment -name OUTPUT_TERMINATION "SERIES 40 OHM WITH CALIBRATION" -to DDR3_DQS_n[0] -tag __myddr3l_p0
set_instance_assignment -name OUTPUT_TERMINATION "SERIES 40 OHM WITH CALIBRATION" -to DDR3_DQS_n[1] -tag __myddr3l_p0
set_instance_assignment -name OUTPUT_TERMINATION "SERIES 40 OHM WITH CALIBRATION" -to DDR3_CK_p -tag __myddr3l_p0
set_instance_assignment -name OUTPUT_TERMINATION "SERIES 40 OHM WITH CALIBRATION" -to DDR3_CK_n -tag __myddr3l_p0
set_instance_assignment -name BOARD_MODEL_FAR_PULLUP_R OPEN -to DDR3_RESET_n -tag __myddr3l_p0
set_instance_assignment -name BOARD_MODEL_NEAR_PULLUP_R OPEN -to DDR3_RESET_n -tag __myddr3l_p0
set_instance_assignment -name BOARD_MODEL_FAR_PULLDOWN_R OPEN -to DDR3_RESET_n -tag __myddr3l_p0
set_instance_assignment -name BOARD_MODEL_NEAR_PULLDOWN_R OPEN -to DDR3_RESET_n -tag __myddr3l_p0
set_instance_assignment -name OUTPUT_TERMINATION "SERIES 40 OHM WITH CALIBRATION" -to DDR3_DM[0] -tag __myddr3l_p0
set_instance_assignment -name OUTPUT_TERMINATION "SERIES 40 OHM WITH CALIBRATION" -to DDR3_DM[1] -tag __myddr3l_p0
set_instance_assignment -name CKN_CK_PAIR ON -from DDR3_CK_n -to DDR3_CK_p -tag __myddr3l_p0
set_instance_assignment -name DQ_GROUP 9 -from DDR3_DQS_p[0] -to DDR3_DQ[0] -tag __myddr3l_p0
set_instance_assignment -name DQ_GROUP 9 -from DDR3_DQS_p[0] -to DDR3_DQ[1] -tag __myddr3l_p0
set_instance_assignment -name DQ_GROUP 9 -from DDR3_DQS_p[0] -to DDR3_DQ[2] -tag __myddr3l_p0
set_instance_assignment -name DQ_GROUP 9 -from DDR3_DQS_p[0] -to DDR3_DQ[3] -tag __myddr3l_p0
set_instance_assignment -name DQ_GROUP 9 -from DDR3_DQS_p[0] -to DDR3_DQ[4] -tag __myddr3l_p0
set_instance_assignment -name DQ_GROUP 9 -from DDR3_DQS_p[0] -to DDR3_DQ[5] -tag __myddr3l_p0
set_instance_assignment -name DQ_GROUP 9 -from DDR3_DQS_p[0] -to DDR3_DQ[6] -tag __myddr3l_p0
set_instance_assignment -name DQ_GROUP 9 -from DDR3_DQS_p[0] -to DDR3_DQ[7] -tag __myddr3l_p0
set_instance_assignment -name DQ_GROUP 9 -from DDR3_DQS_p[1] -to DDR3_DQ[8] -tag __myddr3l_p0
set_instance_assignment -name DQ_GROUP 9 -from DDR3_DQS_p[1] -to DDR3_DQ[9] -tag __myddr3l_p0
set_instance_assignment -name DQ_GROUP 9 -from DDR3_DQS_p[1] -to DDR3_DQ[10] -tag __myddr3l_p0
set_instance_assignment -name DQ_GROUP 9 -from DDR3_DQS_p[1] -to DDR3_DQ[11] -tag __myddr3l_p0
set_instance_assignment -name DQ_GROUP 9 -from DDR3_DQS_p[1] -to DDR3_DQ[12] -tag __myddr3l_p0
set_instance_assignment -name DQ_GROUP 9 -from DDR3_DQS_p[1] -to DDR3_DQ[13] -tag __myddr3l_p0
set_instance_assignment -name DQ_GROUP 9 -from DDR3_DQS_p[1] -to DDR3_DQ[14] -tag __myddr3l_p0
set_instance_assignment -name DQ_GROUP 9 -from DDR3_DQS_p[1] -to DDR3_DQ[15] -tag __myddr3l_p0
set_instance_assignment -name DQ_GROUP 9 -from DDR3_DQS_p[0] -to DDR3_DM[0] -tag __myddr3l_p0
set_instance_assignment -name DQ_GROUP 9 -from DDR3_DQS_p[1] -to DDR3_DM[1] -tag __myddr3l_p0
set_instance_assignment -name DM_PIN ON -to DDR3_DM[0] -tag __myddr3l_p0
set_instance_assignment -name DM_PIN ON -to DDR3_DM[1] -tag __myddr3l_p0
set_instance_assignment -name PACKAGE_SKEW_COMPENSATION OFF -to DDR3_DQ[0] -tag __myddr3l_p0
set_instance_assignment -name PACKAGE_SKEW_COMPENSATION OFF -to DDR3_DQ[1] -tag __myddr3l_p0
set_instance_assignment -name PACKAGE_SKEW_COMPENSATION OFF -to DDR3_DQ[2] -tag __myddr3l_p0
set_instance_assignment -name PACKAGE_SKEW_COMPENSATION OFF -to DDR3_DQ[3] -tag __myddr3l_p0
set_instance_assignment -name PACKAGE_SKEW_COMPENSATION OFF -to DDR3_DQ[4] -tag __myddr3l_p0
set_instance_assignment -name PACKAGE_SKEW_COMPENSATION OFF -to DDR3_DQ[5] -tag __myddr3l_p0
set_instance_assignment -name PACKAGE_SKEW_COMPENSATION OFF -to DDR3_DQ[6] -tag __myddr3l_p0
set_instance_assignment -name PACKAGE_SKEW_COMPENSATION OFF -to DDR3_DQ[7] -tag __myddr3l_p0
set_instance_assignment -name PACKAGE_SKEW_COMPENSATION OFF -to DDR3_DQ[8] -tag __myddr3l_p0
set_instance_assignment -name PACKAGE_SKEW_COMPENSATION OFF -to DDR3_DQ[9] -tag __myddr3l_p0
set_instance_assignment -name PACKAGE_SKEW_COMPENSATION OFF -to DDR3_DQ[10] -tag __myddr3l_p0
set_instance_assignment -name PACKAGE_SKEW_COMPENSATION OFF -to DDR3_DQ[11] -tag __myddr3l_p0
set_instance_assignment -name PACKAGE_SKEW_COMPENSATION OFF -to DDR3_DQ[12] -tag __myddr3l_p0
set_instance_assignment -name PACKAGE_SKEW_COMPENSATION OFF -to DDR3_DQ[13] -tag __myddr3l_p0
set_instance_assignment -name PACKAGE_SKEW_COMPENSATION OFF -to DDR3_DQ[14] -tag __myddr3l_p0
set_instance_assignment -name PACKAGE_SKEW_COMPENSATION OFF -to DDR3_DQ[15] -tag __myddr3l_p0
set_instance_assignment -name PACKAGE_SKEW_COMPENSATION OFF -to DDR3_DM[0] -tag __myddr3l_p0
set_instance_assignment -name PACKAGE_SKEW_COMPENSATION OFF -to DDR3_DM[1] -tag __myddr3l_p0
set_instance_assignment -name PACKAGE_SKEW_COMPENSATION OFF -to DDR3_DQS_p[0] -tag __myddr3l_p0
set_instance_assignment -name PACKAGE_SKEW_COMPENSATION OFF -to DDR3_DQS_p[1] -tag __myddr3l_p0
set_instance_assignment -name PACKAGE_SKEW_COMPENSATION OFF -to DDR3_DQS_n[0] -tag __myddr3l_p0
set_instance_assignment -name PACKAGE_SKEW_COMPENSATION OFF -to DDR3_DQS_n[1] -tag __myddr3l_p0
set_instance_assignment -name PACKAGE_SKEW_COMPENSATION OFF -to DDR3_A[0] -tag __myddr3l_p0
set_instance_assignment -name PACKAGE_SKEW_COMPENSATION OFF -to DDR3_A[10] -tag __myddr3l_p0
set_instance_assignment -name PACKAGE_SKEW_COMPENSATION OFF -to DDR3_A[11] -tag __myddr3l_p0
set_instance_assignment -name PACKAGE_SKEW_COMPENSATION OFF -to DDR3_A[12] -tag __myddr3l_p0
set_instance_assignment -name PACKAGE_SKEW_COMPENSATION OFF -to DDR3_A[13] -tag __myddr3l_p0
set_instance_assignment -name PACKAGE_SKEW_COMPENSATION OFF -to DDR3_A[14] -tag __myddr3l_p0
set_instance_assignment -name PACKAGE_SKEW_COMPENSATION OFF -to DDR3_A[1] -tag __myddr3l_p0
set_instance_assignment -name PACKAGE_SKEW_COMPENSATION OFF -to DDR3_A[2] -tag __myddr3l_p0
set_instance_assignment -name PACKAGE_SKEW_COMPENSATION OFF -to DDR3_A[3] -tag __myddr3l_p0
set_instance_assignment -name PACKAGE_SKEW_COMPENSATION OFF -to DDR3_A[4] -tag __myddr3l_p0
set_instance_assignment -name PACKAGE_SKEW_COMPENSATION OFF -to DDR3_A[5] -tag __myddr3l_p0
set_instance_assignment -name PACKAGE_SKEW_COMPENSATION OFF -to DDR3_A[6] -tag __myddr3l_p0
set_instance_assignment -name PACKAGE_SKEW_COMPENSATION OFF -to DDR3_A[7] -tag __myddr3l_p0
set_instance_assignment -name PACKAGE_SKEW_COMPENSATION OFF -to DDR3_A[8] -tag __myddr3l_p0
set_instance_assignment -name PACKAGE_SKEW_COMPENSATION OFF -to DDR3_A[9] -tag __myddr3l_p0
set_instance_assignment -name PACKAGE_SKEW_COMPENSATION OFF -to DDR3_BA[0] -tag __myddr3l_p0
set_instance_assignment -name PACKAGE_SKEW_COMPENSATION OFF -to DDR3_BA[1] -tag __myddr3l_p0
set_instance_assignment -name PACKAGE_SKEW_COMPENSATION OFF -to DDR3_BA[2] -tag __myddr3l_p0
set_instance_assignment -name PACKAGE_SKEW_COMPENSATION OFF -to DDR3_CS_n -tag __myddr3l_p0
set_instance_assignment -name PACKAGE_SKEW_COMPENSATION OFF -to DDR3_WE_n -tag __myddr3l_p0
set_instance_assignment -name PACKAGE_SKEW_COMPENSATION OFF -to DDR3_RAS_n -tag __myddr3l_p0
set_instance_assignment -name PACKAGE_SKEW_COMPENSATION OFF -to DDR3_CAS_n -tag __myddr3l_p0
set_instance_assignment -name PACKAGE_SKEW_COMPENSATION OFF -to DDR3_CKE -tag __myddr3l_p0
set_instance_assignment -name PACKAGE_SKEW_COMPENSATION OFF -to DDR3_ODT -tag __myddr3l_p0
set_instance_assignment -name PACKAGE_SKEW_COMPENSATION OFF -to DDR3_RESET_n -tag __myddr3l_p0
set_instance_assignment -name PACKAGE_SKEW_COMPENSATION OFF -to DDR3_CK_p -tag __myddr3l_p0
set_instance_assignment -name PACKAGE_SKEW_COMPENSATION OFF -to DDR3_CK_n -tag __myddr3l_p0
set_instance_assignment -name GLOBAL_SIGNAL OFF -to myddr3l_inst|myddr3l_inst|p0|umemphy|ureset|phy_reset_n -tag __myddr3l_p0
set_instance_assignment -name GLOBAL_SIGNAL OFF -to myddr3l_inst|myddr3l_inst|p0|umemphy|uread_datapath|reset_n_fifo_wraddress[0] -tag __myddr3l_p0
set_instance_assignment -name GLOBAL_SIGNAL OFF -to myddr3l_inst|myddr3l_inst|p0|umemphy|uread_datapath|reset_n_fifo_wraddress[1] -tag __myddr3l_p0
set_instance_assignment -name ENABLE_BENEFICIAL_SKEW_OPTIMIZATION_FOR_NON_GLOBAL_CLOCKS ON -to myddr3l_inst|myddr3l_inst -tag __myddr3l_p0
set_instance_assignment -name GLOBAL_SIGNAL OFF -to "dut_example_if0:if0|dut_example_if0_p0:p0|dut_example_if0_p0_myddr3l_p0_m10:umemphy|dut_example_if0_p0_dqdqs_pads_m10:dq_ddio[*].ubidir_dq_dqs|altera_gpio_lite:dq_ddio_io|altgpio_one_bit:gpio_one_bit.i_loop[*].altgpio_bit_i|fr_clock"
set_global_assignment -name UNIPHY_SEQUENCER_DQS_CONFIG_ENABLE ON
set_global_assignment -name OPTIMIZE_MULTI_CORNER_TIMING ON
set_global_assignment -name UNIPHY_TEMP_VER_CODE 519672352
set_global_assignment -name ECO_REGENERATE_REPORT ON
set_global_assignment -name STRATIX_DEVICE_IO_STANDARD "2.5 V"
set_global_assignment -name ENABLE_SIGNALTAP ON
set_global_assignment -name USE_SIGNALTAP_FILE stp/stp1.stp
set_global_assignment -name SIGNALTAP_FILE stp/stp1.stp
set_global_assignment -name SLD_NODE_CREATOR_ID 110 -section_id auto_signaltap_0
set_global_assignment -name SLD_NODE_ENTITY_NAME sld_signaltap -section_id auto_signaltap_0
set_instance_assignment -name CONNECT_TO_SLD_NODE_ENTITY_PORT acq_clk -to "myddr3l:myddr3l_inst|myddr3l_0002:myddr3l_inst|afi_clk" -section_id auto_signaltap_0
set_instance_assignment -name CONNECT_TO_SLD_NODE_ENTITY_PORT acq_trigger_in[0] -to "myddr3l:myddr3l_inst|myddr3l_0002:myddr3l_inst|avl_burstbegin" -section_id auto_signaltap_0
set_instance_assignment -name CONNECT_TO_SLD_NODE_ENTITY_PORT acq_trigger_in[1] -to "myddr3l:myddr3l_inst|myddr3l_0002:myddr3l_inst|avl_rdata_valid" -section_id auto_signaltap_0
set_instance_assignment -name CONNECT_TO_SLD_NODE_ENTITY_PORT acq_trigger_in[2] -to "myddr3l:myddr3l_inst|myddr3l_0002:myddr3l_inst|avl_read_req" -section_id auto_signaltap_0
set_instance_assignment -name CONNECT_TO_SLD_NODE_ENTITY_PORT acq_trigger_in[3] -to "myddr3l:myddr3l_inst|myddr3l_0002:myddr3l_inst|avl_ready" -section_id auto_signaltap_0
set_instance_assignment -name CONNECT_TO_SLD_NODE_ENTITY_PORT acq_trigger_in[4] -to "myddr3l:myddr3l_inst|myddr3l_0002:myddr3l_inst|avl_write_req" -section_id auto_signaltap_0
set_instance_assignment -name CONNECT_TO_SLD_NODE_ENTITY_PORT acq_trigger_in[5] -to "myddr3l:myddr3l_inst|myddr3l_0002:myddr3l_inst|local_cal_fail" -section_id auto_signaltap_0
set_instance_assignment -name CONNECT_TO_SLD_NODE_ENTITY_PORT acq_trigger_in[6] -to "myddr3l:myddr3l_inst|myddr3l_0002:myddr3l_inst|local_cal_success" -section_id auto_signaltap_0
set_instance_assignment -name CONNECT_TO_SLD_NODE_ENTITY_PORT acq_trigger_in[7] -to "myddr3l:myddr3l_inst|myddr3l_0002:myddr3l_inst|local_init_done" -section_id auto_signaltap_0
set_instance_assignment -name CONNECT_TO_SLD_NODE_ENTITY_PORT acq_trigger_in[8] -to "wr_rd:wr_rd_inst|act_sucess" -section_id auto_signaltap_0
set_instance_assignment -name CONNECT_TO_SLD_NODE_ENTITY_PORT acq_trigger_in[9] -to "wr_rd:wr_rd_inst|avl_addr[0]" -section_id auto_signaltap_0
set_instance_assignment -name CONNECT_TO_SLD_NODE_ENTITY_PORT acq_trigger_in[10] -to "wr_rd:wr_rd_inst|avl_addr[10]" -section_id auto_signaltap_0
set_instance_assignment -name CONNECT_TO_SLD_NODE_ENTITY_PORT acq_trigger_in[11] -to "wr_rd:wr_rd_inst|avl_addr[11]" -section_id auto_signaltap_0
set_instance_assignment -name CONNECT_TO_SLD_NODE_ENTITY_PORT acq_trigger_in[12] -to "wr_rd:wr_rd_inst|avl_addr[12]" -section_id auto_signaltap_0
set_instance_assignment -name CONNECT_TO_SLD_NODE_ENTITY_PORT acq_trigger_in[13] -to "wr_rd:wr_rd_inst|avl_addr[13]" -section_id auto_signaltap_0
set_instance_assignment -name CONNECT_TO_SLD_NODE_ENTITY_PORT acq_trigger_in[14] -to "wr_rd:wr_rd_inst|avl_addr[14]" -section_id auto_signaltap_0
set_instance_assignment -name CONNECT_TO_SLD_NODE_ENTITY_PORT acq_trigger_in[15] -to "wr_rd:wr_rd_inst|avl_addr[15]" -section_id auto_signaltap_0
set_instance_assignment -name CONNECT_TO_SLD_NODE_ENTITY_PORT acq_trigger_in[16] -to "wr_rd:wr_rd_inst|avl_addr[16]" -section_id auto_signaltap_0
set_instance_assignment -name CONNECT_TO_SLD_NODE_ENTITY_PORT acq_trigger_in[17] -to "wr_rd:wr_rd_inst|avl_addr[17]" -section_id auto_signaltap_0
set_instance_assignment -name CONNECT_TO_SLD_NODE_ENTITY_PORT acq_trigger_in[18] -to "wr_rd:wr_rd_inst|avl_addr[18]" -section_id auto_signaltap_0
set_instance_assignment -name CONNECT_TO_SLD_NODE_ENTITY_PORT acq_trigger_in[19] -to "wr_rd:wr_rd_inst|avl_addr[19]" -section_id auto_signaltap_0
set_instance_assignment -name CONNECT_TO_SLD_NODE_ENTITY_PORT acq_trigger_in[20] -to "wr_rd:wr_rd_inst|avl_addr[1]" -section_id auto_signaltap_0
set_instance_assignment -name CONNECT_TO_SLD_NODE_ENTITY_PORT acq_trigger_in[21] -to "wr_rd:wr_rd_inst|avl_addr[20]" -section_id auto_signaltap_0
set_instance_assignment -name CONNECT_TO_SLD_NODE_ENTITY_PORT acq_trigger_in[22] -to "wr_rd:wr_rd_inst|avl_addr[21]" -section_id auto_signaltap_0
set_instance_assignment -name CONNECT_TO_SLD_NODE_ENTITY_PORT acq_trigger_in[23] -to "wr_rd:wr_rd_inst|avl_addr[22]" -section_id auto_signaltap_0
set_instance_assignment -name CONNECT_TO_SLD_NODE_ENTITY_PORT acq_trigger_in[24] -to "wr_rd:wr_rd_inst|avl_addr[23]" -section_id auto_signaltap_0
set_instance_assignment -name CONNECT_TO_SLD_NODE_ENTITY_PORT acq_trigger_in[25] -to "wr_rd:wr_rd_inst|avl_addr[24]" -section_id auto_signaltap_0
set_instance_assignment -name CONNECT_TO_SLD_NODE_ENTITY_PORT acq_trigger_in[26] -to "wr_rd:wr_rd_inst|avl_addr[25]" -section_id auto_signaltap_0
set_instance_assignment -name CONNECT_TO_SLD_NODE_ENTITY_PORT acq_trigger_in[27] -to "wr_rd:wr_rd_inst|avl_addr[2]" -section_id auto_signaltap_0
set_instance_assignment -name CONNECT_TO_SLD_NODE_ENTITY_PORT acq_trigger_in[28] -to "wr_rd:wr_rd_inst|avl_addr[3]" -section_id auto_signaltap_0
set_instance_assignment -name CONNECT_TO_SLD_NODE_ENTITY_PORT acq_trigger_in[29] -to "wr_rd:wr_rd_inst|avl_addr[4]" -section_id auto_signaltap_0
set_instance_assignment -name CONNECT_TO_SLD_NODE_ENTITY_PORT acq_trigger_in[30] -to "wr_rd:wr_rd_inst|avl_addr[5]" -section_id auto_signaltap_0
set_instance_assignment -name CONNECT_TO_SLD_NODE_ENTITY_PORT acq_trigger_in[31] -to "wr_rd:wr_rd_inst|avl_addr[6]" -section_id auto_signaltap_0
set_instance_assignment -name CONNECT_TO_SLD_NODE_ENTITY_PORT acq_trigger_in[32] -to "wr_rd:wr_rd_inst|avl_addr[7]" -section_id auto_signaltap_0
set_instance_assignment -name CONNECT_TO_SLD_NODE_ENTITY_PORT acq_trigger_in[33] -to "wr_rd:wr_rd_inst|avl_addr[8]" -section_id auto_signaltap_0
set_instance_assignment -name CONNECT_TO_SLD_NODE_ENTITY_PORT acq_trigger_in[34] -to "wr_rd:wr_rd_inst|avl_addr[9]" -section_id auto_signaltap_0
set_instance_assignment -name CONNECT_TO_SLD_NODE_ENTITY_PORT acq_trigger_in[35] -to "wr_rd:wr_rd_inst|avl_be[0]" -section_id auto_signaltap_0
set_instance_assignment -name CONNECT_TO_SLD_NODE_ENTITY_PORT acq_trigger_in[36] -to "wr_rd:wr_rd_inst|avl_be[1]" -section_id auto_signaltap_0
set_instance_assignment -name CONNECT_TO_SLD_NODE_ENTITY_PORT acq_trigger_in[37] -to "wr_rd:wr_rd_inst|avl_be[2]" -section_id auto_signaltap_0
set_instance_assignment -name CONNECT_TO_SLD_NODE_ENTITY_PORT acq_trigger_in[38] -to "wr_rd:wr_rd_inst|avl_be[3]" -section_id auto_signaltap_0
set_instance_assignment -name CONNECT_TO_SLD_NODE_ENTITY_PORT acq_trigger_in[39] -to "wr_rd:wr_rd_inst|avl_be[4]" -section_id auto_signaltap_0
set_instance_assignment -name CONNECT_TO_SLD_NODE_ENTITY_PORT acq_trigger_in[40] -to "wr_rd:wr_rd_inst|avl_be[5]" -section_id auto_signaltap_0
set_instance_assignment -name CONNECT_TO_SLD_NODE_ENTITY_PORT acq_trigger_in[41] -to "wr_rd:wr_rd_inst|avl_be[6]" -section_id auto_signaltap_0
set_instance_assignment -name CONNECT_TO_SLD_NODE_ENTITY_PORT acq_trigger_in[42] -to "wr_rd:wr_rd_inst|avl_be[7]" -section_id auto_signaltap_0
set_instance_assignment -name CONNECT_TO_SLD_NODE_ENTITY_PORT acq_trigger_in[43] -to "wr_rd:wr_rd_inst|avl_rdata[0]" -section_id auto_signaltap_0
set_instance_assignment -name CONNECT_TO_SLD_NODE_ENTITY_PORT acq_trigger_in[44] -to "wr_rd:wr_rd_inst|avl_rdata[10]" -section_id auto_signaltap_0
set_instance_assignment -name CONNECT_TO_SLD_NODE_ENTITY_PORT acq_trigger_in[45] -to "wr_rd:wr_rd_inst|avl_rdata[11]" -section_id auto_signaltap_0
set_instance_assignment -name CONNECT_TO_SLD_NODE_ENTITY_PORT acq_trigger_in[46] -to "wr_rd:wr_rd_inst|avl_rdata[12]" -section_id auto_signaltap_0
set_instance_assignment -name CONNECT_TO_SLD_NODE_ENTITY_PORT acq_trigger_in[47] -to "wr_rd:wr_rd_inst|avl_rdata[13]" -section_id auto_signaltap_0
set_instance_assignment -name CONNECT_TO_SLD_NODE_ENTITY_PORT acq_trigger_in[48] -to "wr_rd:wr_rd_inst|avl_rdata[14]" -section_id auto_signaltap_0
set_instance_assignment -name CONNECT_TO_SLD_NODE_ENTITY_PORT acq_trigger_in[49] -to "wr_rd:wr_rd_inst|avl_rdata[15]" -section_id auto_signaltap_0
set_instance_assignment -name CONNECT_TO_SLD_NODE_ENTITY_PORT acq_trigger_in[50] -to "wr_rd:wr_rd_inst|avl_rdata[16]" -section_id auto_signaltap_0
set_instance_assignment -name CONNECT_TO_SLD_NODE_ENTITY_PORT acq_trigger_in[51] -to "wr_rd:wr_rd_inst|avl_rdata[17]" -section_id auto_signaltap_0
set_instance_assignment -name CONNECT_TO_SLD_NODE_ENTITY_PORT acq_trigger_in[52] -to "wr_rd:wr_rd_inst|avl_rdata[18]" -section_id auto_signaltap_0
set_instance_assignment -name CONNECT_TO_SLD_NODE_ENTITY_PORT acq_trigger_in[53] -to "wr_rd:wr_rd_inst|avl_rdata[19]" -section_id auto_signaltap_0
set_instance_assignment -name CONNECT_TO_SLD_NODE_ENTITY_PORT acq_trigger_in[54] -to "wr_rd:wr_rd_inst|avl_rdata[1]" -section_id auto_signaltap_0
set_instance_assignment -name CONNECT_TO_SLD_NODE_ENTITY_PORT acq_trigger_in[55] -to "wr_rd:wr_rd_inst|avl_rdata[20]" -section_id auto_signaltap_0
set_instance_assignment -name CONNECT_TO_SLD_NODE_ENTITY_PORT acq_trigger_in[56] -to "wr_rd:wr_rd_inst|avl_rdata[21]" -section_id auto_signaltap_0
set_instance_assignment -name CONNECT_TO_SLD_NODE_ENTITY_PORT acq_trigger_in[57] -to "wr_rd:wr_rd_inst|avl_rdata[22]" -section_id auto_signaltap_0
set_instance_assignment -name CONNECT_TO_SLD_NODE_ENTITY_PORT acq_trigger_in[58] -to "wr_rd:wr_rd_inst|avl_rdata[23]" -section_id auto_signaltap_0
set_instance_assignment -name CONNECT_TO_SLD_NODE_ENTITY_PORT acq_trigger_in[59] -to "wr_rd:wr_rd_inst|avl_rdata[24]" -section_id auto_signaltap_0
set_instance_assignment -name CONNECT_TO_SLD_NODE_ENTITY_PORT acq_trigger_in[60] -to "wr_rd:wr_rd_inst|avl_rdata[25]" -section_id auto_signaltap_0
set_instance_assignment -name CONNECT_TO_SLD_NODE_ENTITY_PORT acq_trigger_in[61] -to "wr_rd:wr_rd_inst|avl_rdata[26]" -section_id auto_signaltap_0
set_instance_assignment -name CONNECT_TO_SLD_NODE_ENTITY_PORT acq_trigger_in[62] -to "wr_rd:wr_rd_inst|avl_rdata[27]" -section_id auto_signaltap_0
set_instance_assignment -name CONNECT_TO_SLD_NODE_ENTITY_PORT acq_trigger_in[63] -to "wr_rd:wr_rd_inst|avl_rdata[28]" -section_id auto_signaltap_0
set_instance_assignment -name CONNECT_TO_SLD_NODE_ENTITY_PORT acq_trigger_in[64] -to "wr_rd:wr_rd_inst|avl_rdata[29]" -section_id auto_signaltap_0
set_instance_assignment -name CONNECT_TO_SLD_NODE_ENTITY_PORT acq_trigger_in[65] -to "wr_rd:wr_rd_inst|avl_rdata[2]" -section_id auto_signaltap_0
set_instance_assignment -name CONNECT_TO_SLD_NODE_ENTITY_PORT acq_trigger_in[66] -to "wr_rd:wr_rd_inst|avl_rdata[30]" -section_id auto_signaltap_0
set_instance_assignment -name CONNECT_TO_SLD_NODE_ENTITY_PORT acq_trigger_in[67] -to "wr_rd:wr_rd_inst|avl_rdata[31]" -section_id auto_signaltap_0
set_instance_assignment -name CONNECT_TO_SLD_NODE_ENTITY_PORT acq_trigger_in[68] -to "wr_rd:wr_rd_inst|avl_rdata[32]" -section_id auto_signaltap_0
set_instance_assignment -name CONNECT_TO_SLD_NODE_ENTITY_PORT acq_trigger_in[69] -to "wr_rd:wr_rd_inst|avl_rdata[33]" -section_id auto_signaltap_0
set_instance_assignment -name CONNECT_TO_SLD_NODE_ENTITY_PORT acq_trigger_in[70] -to "wr_rd:wr_rd_inst|avl_rdata[34]" -section_id auto_signaltap_0
set_instance_assignment -name CONNECT_TO_SLD_NODE_ENTITY_PORT acq_trigger_in[71] -to "wr_rd:wr_rd_inst|avl_rdata[35]" -section_id auto_signaltap_0
set_instance_assignment -name CONNECT_TO_SLD_NODE_ENTITY_PORT acq_trigger_in[72] -to "wr_rd:wr_rd_inst|avl_rdata[36]" -section_id auto_signaltap_0
set_instance_assignment -name CONNECT_TO_SLD_NODE_ENTITY_PORT acq_trigger_in[73] -to "wr_rd:wr_rd_inst|avl_rdata[37]" -section_id auto_signaltap_0
set_instance_assignment -name CONNECT_TO_SLD_NODE_ENTITY_PORT acq_trigger_in[74] -to "wr_rd:wr_rd_inst|avl_rdata[38]" -section_id auto_signaltap_0
set_instance_assignment -name CONNECT_TO_SLD_NODE_ENTITY_PORT acq_trigger_in[75] -to "wr_rd:wr_rd_inst|avl_rdata[39]" -section_id auto_signaltap_0
set_instance_assignment -name CONNECT_TO_SLD_NODE_ENTITY_PORT acq_trigger_in[76] -to "wr_rd:wr_rd_inst|avl_rdata[3]" -section_id auto_signaltap_0
set_instance_assignment -name CONNECT_TO_SLD_NODE_ENTITY_PORT acq_trigger_in[77] -to "wr_rd:wr_rd_inst|avl_rdata[40]" -section_id auto_signaltap_0
set_instance_assignment -name CONNECT_TO_SLD_NODE_ENTITY_PORT acq_trigger_in[78] -to "wr_rd:wr_rd_inst|avl_rdata[41]" -section_id auto_signaltap_0
set_instance_assignment -name CONNECT_TO_SLD_NODE_ENTITY_PORT acq_trigger_in[79] -to "wr_rd:wr_rd_inst|avl_rdata[42]" -section_id auto_signaltap_0
set_instance_assignment -name CONNECT_TO_SLD_NODE_ENTITY_PORT acq_trigger_in[80] -to "wr_rd:wr_rd_inst|avl_rdata[43]" -section_id auto_signaltap_0
set_instance_assignment -name CONNECT_TO_SLD_NODE_ENTITY_PORT acq_trigger_in[81] -to "wr_rd:wr_rd_inst|avl_rdata[44]" -section_id auto_signaltap_0
set_instance_assignment -name CONNECT_TO_SLD_NODE_ENTITY_PORT acq_trigger_in[82] -to "wr_rd:wr_rd_inst|avl_rdata[45]" -section_id auto_signaltap_0
set_instance_assignment -name CONNECT_TO_SLD_NODE_ENTITY_PORT acq_trigger_in[83] -to "wr_rd:wr_rd_inst|avl_rdata[46]" -section_id auto_signaltap_0
set_instance_assignment -name CONNECT_TO_SLD_NODE_ENTITY_PORT acq_trigger_in[84] -to "wr_rd:wr_rd_inst|avl_rdata[47]" -section_id auto_signaltap_0
set_instance_assignment -name CONNECT_TO_SLD_NODE_ENTITY_PORT acq_trigger_in[85] -to "wr_rd:wr_rd_inst|avl_rdata[48]" -section_id auto_signaltap_0
set_instance_assignment -name CONNECT_TO_SLD_NODE_ENTITY_PORT acq_trigger_in[86] -to "wr_rd:wr_rd_inst|avl_rdata[49]" -section_id auto_signaltap_0
set_instance_assignment -name CONNECT_TO_SLD_NODE_ENTITY_PORT acq_trigger_in[87] -to "wr_rd:wr_rd_inst|avl_rdata[4]" -section_id auto_signaltap_0
set_instance_assignment -name CONNECT_TO_SLD_NODE_ENTITY_PORT acq_trigger_in[88] -to "wr_rd:wr_rd_inst|avl_rdata[50]" -section_id auto_signaltap_0
set_instance_assignment -name CONNECT_TO_SLD_NODE_ENTITY_PORT acq_trigger_in[89] -to "wr_rd:wr_rd_inst|avl_rdata[51]" -section_id auto_signaltap_0
set_instance_assignment -name CONNECT_TO_SLD_NODE_ENTITY_PORT acq_trigger_in[90] -to "wr_rd:wr_rd_inst|avl_rdata[52]" -section_id auto_signaltap_0
set_instance_assignment -name CONNECT_TO_SLD_NODE_ENTITY_PORT acq_trigger_in[91] -to "wr_rd:wr_rd_inst|avl_rdata[53]" -section_id auto_signaltap_0
set_instance_assignment -name CONNECT_TO_SLD_NODE_ENTITY_PORT acq_trigger_in[92] -to "wr_rd:wr_rd_inst|avl_rdata[54]" -section_id auto_signaltap_0
set_instance_assignment -name CONNECT_TO_SLD_NODE_ENTITY_PORT acq_trigger_in[93] -to "wr_rd:wr_rd_inst|avl_rdata[55]" -section_id auto_signaltap_0
set_instance_assignment -name CONNECT_TO_SLD_NODE_ENTITY_PORT acq_trigger_in[94] -to "wr_rd:wr_rd_inst|avl_rdata[56]" -section_id auto_signaltap_0
set_instance_assignment -name CONNECT_TO_SLD_NODE_ENTITY_PORT acq_trigger_in[95] -to "wr_rd:wr_rd_inst|avl_rdata[57]" -section_id auto_signaltap_0
set_instance_assignment -name CONNECT_TO_SLD_NODE_ENTITY_PORT acq_trigger_in[96] -to "wr_rd:wr_rd_inst|avl_rdata[58]" -section_id auto_signaltap_0
set_instance_assignment -name CONNECT_TO_SLD_NODE_ENTITY_PORT acq_trigger_in[97] -to "wr_rd:wr_rd_inst|avl_rdata[59]" -section_id auto_signaltap_0
set_instance_assignment -name CONNECT_TO_SLD_NODE_ENTITY_PORT acq_trigger_in[98] -to "wr_rd:wr_rd_inst|avl_rdata[5]" -section_id auto_signaltap_0
set_instance_assignment -name CONNECT_TO_SLD_NODE_ENTITY_PORT acq_trigger_in[99] -to "wr_rd:wr_rd_inst|avl_rdata[60]" -section_id auto_signaltap_0
set_instance_assignment -name CONNECT_TO_SLD_NODE_ENTITY_PORT acq_trigger_in[100] -to "wr_rd:wr_rd_inst|avl_rdata[61]" -section_id auto_signaltap_0
set_instance_assignment -name CONNECT_TO_SLD_NODE_ENTITY_PORT acq_trigger_in[101] -to "wr_rd:wr_rd_inst|avl_rdata[62]" -section_id auto_signaltap_0
set_instance_assignment -name CONNECT_TO_SLD_NODE_ENTITY_PORT acq_trigger_in[102] -to "wr_rd:wr_rd_inst|avl_rdata[63]" -section_id auto_signaltap_0
set_instance_assignment -name CONNECT_TO_SLD_NODE_ENTITY_PORT acq_trigger_in[103] -to "wr_rd:wr_rd_inst|avl_rdata[6]" -section_id auto_signaltap_0
set_instance_assignment -name CONNECT_TO_SLD_NODE_ENTITY_PORT acq_trigger_in[104] -to "wr_rd:wr_rd_inst|avl_rdata[7]" -section_id auto_signaltap_0
set_instance_assignment -name CONNECT_TO_SLD_NODE_ENTITY_PORT acq_trigger_in[105] -to "wr_rd:wr_rd_inst|avl_rdata[8]" -section_id auto_signaltap_0
set_instance_assignment -name CONNECT_TO_SLD_NODE_ENTITY_PORT acq_trigger_in[106] -to "wr_rd:wr_rd_inst|avl_rdata[9]" -section_id auto_signaltap_0
set_instance_assignment -name CONNECT_TO_SLD_NODE_ENTITY_PORT acq_trigger_in[107] -to "wr_rd:wr_rd_inst|avl_size[0]" -section_id auto_signaltap_0
set_instance_assignment -name CONNECT_TO_SLD_NODE_ENTITY_PORT acq_trigger_in[108] -to "wr_rd:wr_rd_inst|avl_size[1]" -section_id auto_signaltap_0
set_instance_assignment -name CONNECT_TO_SLD_NODE_ENTITY_PORT acq_trigger_in[109] -to "wr_rd:wr_rd_inst|avl_size[2]" -section_id auto_signaltap_0
set_instance_assignment -name CONNECT_TO_SLD_NODE_ENTITY_PORT acq_trigger_in[110] -to "wr_rd:wr_rd_inst|avl_wdata[0]" -section_id auto_signaltap_0
set_instance_assignment -name CONNECT_TO_SLD_NODE_ENTITY_PORT acq_trigger_in[111] -to "wr_rd:wr_rd_inst|avl_wdata[10]" -section_id auto_signaltap_0
set_instance_assignment -name CONNECT_TO_SLD_NODE_ENTITY_PORT acq_trigger_in[112] -to "wr_rd:wr_rd_inst|avl_wdata[11]" -section_id auto_signaltap_0
set_instance_assignment -name CONNECT_TO_SLD_NODE_ENTITY_PORT acq_trigger_in[113] -to "wr_rd:wr_rd_inst|avl_wdata[12]" -section_id auto_signaltap_0
set_instance_assignment -name CONNECT_TO_SLD_NODE_ENTITY_PORT acq_trigger_in[114] -to "wr_rd:wr_rd_inst|avl_wdata[13]" -section_id auto_signaltap_0
set_instance_assignment -name CONNECT_TO_SLD_NODE_ENTITY_PORT acq_trigger_in[115] -to "wr_rd:wr_rd_inst|avl_wdata[14]" -section_id auto_signaltap_0
set_instance_assignment -name CONNECT_TO_SLD_NODE_ENTITY_PORT acq_trigger_in[116] -to "wr_rd:wr_rd_inst|avl_wdata[15]" -section_id auto_signaltap_0
set_instance_assignment -name CONNECT_TO_SLD_NODE_ENTITY_PORT acq_trigger_in[117] -to "wr_rd:wr_rd_inst|avl_wdata[16]" -section_id auto_signaltap_0
set_instance_assignment -name CONNECT_TO_SLD_NODE_ENTITY_PORT acq_trigger_in[118] -to "wr_rd:wr_rd_inst|avl_wdata[17]" -section_id auto_signaltap_0
set_instance_assignment -name CONNECT_TO_SLD_NODE_ENTITY_PORT acq_trigger_in[119] -to "wr_rd:wr_rd_inst|avl_wdata[18]" -section_id auto_signaltap_0
set_instance_assignment -name CONNECT_TO_SLD_NODE_ENTITY_PORT acq_trigger_in[120] -to "wr_rd:wr_rd_inst|avl_wdata[19]" -section_id auto_signaltap_0
set_instance_assignment -name CONNECT_TO_SLD_NODE_ENTITY_PORT acq_trigger_in[121] -to "wr_rd:wr_rd_inst|avl_wdata[1]" -section_id auto_signaltap_0
set_instance_assignment -name CONNECT_TO_SLD_NODE_ENTITY_PORT acq_trigger_in[122] -to "wr_rd:wr_rd_inst|avl_wdata[20]" -section_id auto_signaltap_0
set_instance_assignment -name CONNECT_TO_SLD_NODE_ENTITY_PORT acq_trigger_in[123] -to "wr_rd:wr_rd_inst|avl_wdata[21]" -section_id auto_signaltap_0
set_instance_assignment -name CONNECT_TO_SLD_NODE_ENTITY_PORT acq_trigger_in[124] -to "wr_rd:wr_rd_inst|avl_wdata[22]" -section_id auto_signaltap_0
set_instance_assignment -name CONNECT_TO_SLD_NODE_ENTITY_PORT acq_trigger_in[125] -to "wr_rd:wr_rd_inst|avl_wdata[23]" -section_id auto_signaltap_0
set_instance_assignment -name CONNECT_TO_SLD_NODE_ENTITY_PORT acq_trigger_in[126] -to "wr_rd:wr_rd_inst|avl_wdata[24]" -section_id auto_signaltap_0
set_instance_assignment -name CONNECT_TO_SLD_NODE_ENTITY_PORT acq_trigger_in[127] -to "wr_rd:wr_rd_inst|avl_wdata[25]" -section_id auto_signaltap_0
set_instance_assignment -name CONNECT_TO_SLD_NODE_ENTITY_PORT acq_trigger_in[128] -to "wr_rd:wr_rd_inst|avl_wdata[26]" -section_id auto_signaltap_0
set_instance_assignment -name CONNECT_TO_SLD_NODE_ENTITY_PORT acq_trigger_in[129] -to "wr_rd:wr_rd_inst|avl_wdata[27]" -section_id auto_signaltap_0
set_instance_assignment -name CONNECT_TO_SLD_NODE_ENTITY_PORT acq_trigger_in[130] -to "wr_rd:wr_rd_inst|avl_wdata[28]" -section_id auto_signaltap_0
set_instance_assignment -name CONNECT_TO_SLD_NODE_ENTITY_PORT acq_trigger_in[131] -to "wr_rd:wr_rd_inst|avl_wdata[29]" -section_id auto_signaltap_0
set_instance_assignment -name CONNECT_TO_SLD_NODE_ENTITY_PORT acq_trigger_in[132] -to "wr_rd:wr_rd_inst|avl_wdata[2]" -section_id auto_signaltap_0
set_instance_assignment -name CONNECT_TO_SLD_NODE_ENTITY_PORT acq_trigger_in[133] -to "wr_rd:wr_rd_inst|avl_wdata[30]" -section_id auto_signaltap_0
set_instance_assignment -name CONNECT_TO_SLD_NODE_ENTITY_PORT acq_trigger_in[134] -to "wr_rd:wr_rd_inst|avl_wdata[31]" -section_id auto_signaltap_0
set_instance_assignment -name CONNECT_TO_SLD_NODE_ENTITY_PORT acq_trigger_in[135] -to "wr_rd:wr_rd_inst|avl_wdata[32]" -section_id auto_signaltap_0
set_instance_assignment -name CONNECT_TO_SLD_NODE_ENTITY_PORT acq_trigger_in[136] -to "wr_rd:wr_rd_inst|avl_wdata[33]" -section_id auto_signaltap_0
set_instance_assignment -name CONNECT_TO_SLD_NODE_ENTITY_PORT acq_trigger_in[137] -to "wr_rd:wr_rd_inst|avl_wdata[34]" -section_id auto_signaltap_0
set_instance_assignment -name CONNECT_TO_SLD_NODE_ENTITY_PORT acq_trigger_in[138] -to "wr_rd:wr_rd_inst|avl_wdata[35]" -section_id auto_signaltap_0
set_instance_assignment -name CONNECT_TO_SLD_NODE_ENTITY_PORT acq_trigger_in[139] -to "wr_rd:wr_rd_inst|avl_wdata[36]" -section_id auto_signaltap_0
set_instance_assignment -name CONNECT_TO_SLD_NODE_ENTITY_PORT acq_trigger_in[140] -to "wr_rd:wr_rd_inst|avl_wdata[37]" -section_id auto_signaltap_0
set_instance_assignment -name CONNECT_TO_SLD_NODE_ENTITY_PORT acq_trigger_in[141] -to "wr_rd:wr_rd_inst|avl_wdata[38]" -section_id auto_signaltap_0
set_instance_assignment -name CONNECT_TO_SLD_NODE_ENTITY_PORT acq_trigger_in[142] -to "wr_rd:wr_rd_inst|avl_wdata[39]" -section_id auto_signaltap_0
set_instance_assignment -name CONNECT_TO_SLD_NODE_ENTITY_PORT acq_trigger_in[143] -to "wr_rd:wr_rd_inst|avl_wdata[3]" -section_id auto_signaltap_0
set_instance_assignment -name CONNECT_TO_SLD_NODE_ENTITY_PORT acq_trigger_in[144] -to "wr_rd:wr_rd_inst|avl_wdata[40]" -section_id auto_signaltap_0
set_instance_assignment -name CONNECT_TO_SLD_NODE_ENTITY_PORT acq_trigger_in[145] -to "wr_rd:wr_rd_inst|avl_wdata[41]" -section_id auto_signaltap_0
set_instance_assignment -name CONNECT_TO_SLD_NODE_ENTITY_PORT acq_trigger_in[146] -to "wr_rd:wr_rd_inst|avl_wdata[42]" -section_id auto_signaltap_0
set_instance_assignment -name CONNECT_TO_SLD_NODE_ENTITY_PORT acq_trigger_in[147] -to "wr_rd:wr_rd_inst|avl_wdata[43]" -section_id auto_signaltap_0
set_instance_assignment -name CONNECT_TO_SLD_NODE_ENTITY_PORT acq_trigger_in[148] -to "wr_rd:wr_rd_inst|avl_wdata[44]" -section_id auto_signaltap_0
set_instance_assignment -name CONNECT_TO_SLD_NODE_ENTITY_PORT acq_trigger_in[149] -to "wr_rd:wr_rd_inst|avl_wdata[45]" -section_id auto_signaltap_0
set_instance_assignment -name CONNECT_TO_SLD_NODE_ENTITY_PORT acq_trigger_in[150] -to "wr_rd:wr_rd_inst|avl_wdata[46]" -section_id auto_signaltap_0
set_instance_assignment -name CONNECT_TO_SLD_NODE_ENTITY_PORT acq_trigger_in[151] -to "wr_rd:wr_rd_inst|avl_wdata[47]" -section_id auto_signaltap_0
set_instance_assignment -name CONNECT_TO_SLD_NODE_ENTITY_PORT acq_trigger_in[152] -to "wr_rd:wr_rd_inst|avl_wdata[48]" -section_id auto_signaltap_0
set_instance_assignment -name CONNECT_TO_SLD_NODE_ENTITY_PORT acq_trigger_in[153] -to "wr_rd:wr_rd_inst|avl_wdata[49]" -section_id auto_signaltap_0
set_instance_assignment -name CONNECT_TO_SLD_NODE_ENTITY_PORT acq_trigger_in[154] -to "wr_rd:wr_rd_inst|avl_wdata[4]" -section_id auto_signaltap_0
set_instance_assignment -name CONNECT_TO_SLD_NODE_ENTITY_PORT acq_trigger_in[155] -to "wr_rd:wr_rd_inst|avl_wdata[50]" -section_id auto_signaltap_0
set_instance_assignment -name CONNECT_TO_SLD_NODE_ENTITY_PORT acq_trigger_in[156] -to "wr_rd:wr_rd_inst|avl_wdata[51]" -section_id auto_signaltap_0
set_instance_assignment -name CONNECT_TO_SLD_NODE_ENTITY_PORT acq_trigger_in[157] -to "wr_rd:wr_rd_inst|avl_wdata[52]" -section_id auto_signaltap_0
set_instance_assignment -name CONNECT_TO_SLD_NODE_ENTITY_PORT acq_trigger_in[158] -to "wr_rd:wr_rd_inst|avl_wdata[53]" -section_id auto_signaltap_0
set_instance_assignment -name CONNECT_TO_SLD_NODE_ENTITY_PORT acq_trigger_in[159] -to "wr_rd:wr_rd_inst|avl_wdata[54]" -section_id auto_signaltap_0
set_instance_assignment -name CONNECT_TO_SLD_NODE_ENTITY_PORT acq_trigger_in[160] -to "wr_rd:wr_rd_inst|avl_wdata[55]" -section_id auto_signaltap_0
set_instance_assignment -name CONNECT_TO_SLD_NODE_ENTITY_PORT acq_trigger_in[161] -to "wr_rd:wr_rd_inst|avl_wdata[56]" -section_id auto_signaltap_0
set_instance_assignment -name CONNECT_TO_SLD_NODE_ENTITY_PORT acq_trigger_in[162] -to "wr_rd:wr_rd_inst|avl_wdata[57]" -section_id auto_signaltap_0
set_instance_assignment -name CONNECT_TO_SLD_NODE_ENTITY_PORT acq_trigger_in[163] -to "wr_rd:wr_rd_inst|avl_wdata[58]" -section_id auto_signaltap_0
set_instance_assignment -name CONNECT_TO_SLD_NODE_ENTITY_PORT acq_trigger_in[164] -to "wr_rd:wr_rd_inst|avl_wdata[59]" -section_id auto_signaltap_0
set_instance_assignment -name CONNECT_TO_SLD_NODE_ENTITY_PORT acq_trigger_in[165] -to "wr_rd:wr_rd_inst|avl_wdata[5]" -section_id auto_signaltap_0
set_instance_assignment -name CONNECT_TO_SLD_NODE_ENTITY_PORT acq_trigger_in[166] -to "wr_rd:wr_rd_inst|avl_wdata[60]" -section_id auto_signaltap_0
set_instance_assignment -name CONNECT_TO_SLD_NODE_ENTITY_PORT acq_trigger_in[167] -to "wr_rd:wr_rd_inst|avl_wdata[61]" -section_id auto_signaltap_0
set_instance_assignment -name CONNECT_TO_SLD_NODE_ENTITY_PORT acq_trigger_in[168] -to "wr_rd:wr_rd_inst|avl_wdata[62]" -section_id auto_signaltap_0
set_instance_assignment -name CONNECT_TO_SLD_NODE_ENTITY_PORT acq_trigger_in[169] -to "wr_rd:wr_rd_inst|avl_wdata[63]" -section_id auto_signaltap_0
set_instance_assignment -name CONNECT_TO_SLD_NODE_ENTITY_PORT acq_trigger_in[170] -to "wr_rd:wr_rd_inst|avl_wdata[6]" -section_id auto_signaltap_0
set_instance_assignment -name CONNECT_TO_SLD_NODE_ENTITY_PORT acq_trigger_in[171] -to "wr_rd:wr_rd_inst|avl_wdata[7]" -section_id auto_signaltap_0
set_instance_assignment -name CONNECT_TO_SLD_NODE_ENTITY_PORT acq_trigger_in[172] -to "wr_rd:wr_rd_inst|avl_wdata[8]" -section_id auto_signaltap_0
set_instance_assignment -name CONNECT_TO_SLD_NODE_ENTITY_PORT acq_trigger_in[173] -to "wr_rd:wr_rd_inst|avl_wdata[9]" -section_id auto_signaltap_0
set_instance_assignment -name CONNECT_TO_SLD_NODE_ENTITY_PORT acq_data_in[0] -to "myddr3l:myddr3l_inst|myddr3l_0002:myddr3l_inst|avl_burstbegin" -section_id auto_signaltap_0
set_instance_assignment -name CONNECT_TO_SLD_NODE_ENTITY_PORT acq_data_in[1] -to "myddr3l:myddr3l_inst|myddr3l_0002:myddr3l_inst|avl_rdata_valid" -section_id auto_signaltap_0
set_instance_assignment -name CONNECT_TO_SLD_NODE_ENTITY_PORT acq_data_in[2] -to "myddr3l:myddr3l_inst|myddr3l_0002:myddr3l_inst|avl_read_req" -section_id auto_signaltap_0
set_instance_assignment -name CONNECT_TO_SLD_NODE_ENTITY_PORT acq_data_in[3] -to "myddr3l:myddr3l_inst|myddr3l_0002:myddr3l_inst|avl_ready" -section_id auto_signaltap_0
set_instance_assignment -name CONNECT_TO_SLD_NODE_ENTITY_PORT acq_data_in[4] -to "myddr3l:myddr3l_inst|myddr3l_0002:myddr3l_inst|avl_write_req" -section_id auto_signaltap_0
set_instance_assignment -name CONNECT_TO_SLD_NODE_ENTITY_PORT acq_data_in[5] -to "myddr3l:myddr3l_inst|myddr3l_0002:myddr3l_inst|local_cal_fail" -section_id auto_signaltap_0
set_instance_assignment -name CONNECT_TO_SLD_NODE_ENTITY_PORT acq_data_in[6] -to "myddr3l:myddr3l_inst|myddr3l_0002:myddr3l_inst|local_cal_success" -section_id auto_signaltap_0
set_instance_assignment -name CONNECT_TO_SLD_NODE_ENTITY_PORT acq_data_in[7] -to "myddr3l:myddr3l_inst|myddr3l_0002:myddr3l_inst|local_init_done" -section_id auto_signaltap_0
set_instance_assignment -name CONNECT_TO_SLD_NODE_ENTITY_PORT acq_data_in[8] -to "wr_rd:wr_rd_inst|act_sucess" -section_id auto_signaltap_0
set_instance_assignment -name CONNECT_TO_SLD_NODE_ENTITY_PORT acq_data_in[9] -to "wr_rd:wr_rd_inst|avl_addr[0]" -section_id auto_signaltap_0
set_instance_assignment -name CONNECT_TO_SLD_NODE_ENTITY_PORT acq_data_in[10] -to "wr_rd:wr_rd_inst|avl_addr[10]" -section_id auto_signaltap_0
set_instance_assignment -name CONNECT_TO_SLD_NODE_ENTITY_PORT acq_data_in[11] -to "wr_rd:wr_rd_inst|avl_addr[11]" -section_id auto_signaltap_0
set_instance_assignment -name CONNECT_TO_SLD_NODE_ENTITY_PORT acq_data_in[12] -to "wr_rd:wr_rd_inst|avl_addr[12]" -section_id auto_signaltap_0
set_instance_assignment -name CONNECT_TO_SLD_NODE_ENTITY_PORT acq_data_in[13] -to "wr_rd:wr_rd_inst|avl_addr[13]" -section_id auto_signaltap_0
set_instance_assignment -name CONNECT_TO_SLD_NODE_ENTITY_PORT acq_data_in[14] -to "wr_rd:wr_rd_inst|avl_addr[14]" -section_id auto_signaltap_0
set_instance_assignment -name CONNECT_TO_SLD_NODE_ENTITY_PORT acq_data_in[15] -to "wr_rd:wr_rd_inst|avl_addr[15]" -section_id auto_signaltap_0
set_instance_assignment -name CONNECT_TO_SLD_NODE_ENTITY_PORT acq_data_in[16] -to "wr_rd:wr_rd_inst|avl_addr[16]" -section_id auto_signaltap_0
set_instance_assignment -name CONNECT_TO_SLD_NODE_ENTITY_PORT acq_data_in[17] -to "wr_rd:wr_rd_inst|avl_addr[17]" -section_id auto_signaltap_0
set_instance_assignment -name CONNECT_TO_SLD_NODE_ENTITY_PORT acq_data_in[18] -to "wr_rd:wr_rd_inst|avl_addr[18]" -section_id auto_signaltap_0
set_instance_assignment -name CONNECT_TO_SLD_NODE_ENTITY_PORT acq_data_in[19] -to "wr_rd:wr_rd_inst|avl_addr[19]" -section_id auto_signaltap_0
set_instance_assignment -name CONNECT_TO_SLD_NODE_ENTITY_PORT acq_data_in[20] -to "wr_rd:wr_rd_inst|avl_addr[1]" -section_id auto_signaltap_0
set_instance_assignment -name CONNECT_TO_SLD_NODE_ENTITY_PORT acq_data_in[21] -to "wr_rd:wr_rd_inst|avl_addr[20]" -section_id auto_signaltap_0
set_instance_assignment -name CONNECT_TO_SLD_NODE_ENTITY_PORT acq_data_in[22] -to "wr_rd:wr_rd_inst|avl_addr[21]" -section_id auto_signaltap_0
set_instance_assignment -name CONNECT_TO_SLD_NODE_ENTITY_PORT acq_data_in[23] -to "wr_rd:wr_rd_inst|avl_addr[22]" -section_id auto_signaltap_0
set_instance_assignment -name CONNECT_TO_SLD_NODE_ENTITY_PORT acq_data_in[24] -to "wr_rd:wr_rd_inst|avl_addr[23]" -section_id auto_signaltap_0
set_instance_assignment -name CONNECT_TO_SLD_NODE_ENTITY_PORT acq_data_in[25] -to "wr_rd:wr_rd_inst|avl_addr[24]" -section_id auto_signaltap_0
set_instance_assignment -name CONNECT_TO_SLD_NODE_ENTITY_PORT acq_data_in[26] -to "wr_rd:wr_rd_inst|avl_addr[25]" -section_id auto_signaltap_0
set_instance_assignment -name CONNECT_TO_SLD_NODE_ENTITY_PORT acq_data_in[27] -to "wr_rd:wr_rd_inst|avl_addr[2]" -section_id auto_signaltap_0
set_instance_assignment -name CONNECT_TO_SLD_NODE_ENTITY_PORT acq_data_in[28] -to "wr_rd:wr_rd_inst|avl_addr[3]" -section_id auto_signaltap_0
set_instance_assignment -name CONNECT_TO_SLD_NODE_ENTITY_PORT acq_data_in[29] -to "wr_rd:wr_rd_inst|avl_addr[4]" -section_id auto_signaltap_0
set_instance_assignment -name CONNECT_TO_SLD_NODE_ENTITY_PORT acq_data_in[30] -to "wr_rd:wr_rd_inst|avl_addr[5]" -section_id auto_signaltap_0
set_instance_assignment -name CONNECT_TO_SLD_NODE_ENTITY_PORT acq_data_in[31] -to "wr_rd:wr_rd_inst|avl_addr[6]" -section_id auto_signaltap_0
set_instance_assignment -name CONNECT_TO_SLD_NODE_ENTITY_PORT acq_data_in[32] -to "wr_rd:wr_rd_inst|avl_addr[7]" -section_id auto_signaltap_0
set_instance_assignment -name CONNECT_TO_SLD_NODE_ENTITY_PORT acq_data_in[33] -to "wr_rd:wr_rd_inst|avl_addr[8]" -section_id auto_signaltap_0
set_instance_assignment -name CONNECT_TO_SLD_NODE_ENTITY_PORT acq_data_in[34] -to "wr_rd:wr_rd_inst|avl_addr[9]" -section_id auto_signaltap_0
set_instance_assignment -name CONNECT_TO_SLD_NODE_ENTITY_PORT acq_data_in[35] -to "wr_rd:wr_rd_inst|avl_be[0]" -section_id auto_signaltap_0
set_instance_assignment -name CONNECT_TO_SLD_NODE_ENTITY_PORT acq_data_in[36] -to "wr_rd:wr_rd_inst|avl_be[1]" -section_id auto_signaltap_0
set_instance_assignment -name CONNECT_TO_SLD_NODE_ENTITY_PORT acq_data_in[37] -to "wr_rd:wr_rd_inst|avl_be[2]" -section_id auto_signaltap_0
set_instance_assignment -name CONNECT_TO_SLD_NODE_ENTITY_PORT acq_data_in[38] -to "wr_rd:wr_rd_inst|avl_be[3]" -section_id auto_signaltap_0
set_instance_assignment -name CONNECT_TO_SLD_NODE_ENTITY_PORT acq_data_in[39] -to "wr_rd:wr_rd_inst|avl_be[4]" -section_id auto_signaltap_0
set_instance_assignment -name CONNECT_TO_SLD_NODE_ENTITY_PORT acq_data_in[40] -to "wr_rd:wr_rd_inst|avl_be[5]" -section_id auto_signaltap_0
set_instance_assignment -name CONNECT_TO_SLD_NODE_ENTITY_PORT acq_data_in[41] -to "wr_rd:wr_rd_inst|avl_be[6]" -section_id auto_signaltap_0
set_instance_assignment -name CONNECT_TO_SLD_NODE_ENTITY_PORT acq_data_in[42] -to "wr_rd:wr_rd_inst|avl_be[7]" -section_id auto_signaltap_0
set_instance_assignment -name CONNECT_TO_SLD_NODE_ENTITY_PORT acq_data_in[43] -to "wr_rd:wr_rd_inst|avl_rdata[0]" -section_id auto_signaltap_0
set_instance_assignment -name CONNECT_TO_SLD_NODE_ENTITY_PORT acq_data_in[44] -to "wr_rd:wr_rd_inst|avl_rdata[10]" -section_id auto_signaltap_0
set_instance_assignment -name CONNECT_TO_SLD_NODE_ENTITY_PORT acq_data_in[45] -to "wr_rd:wr_rd_inst|avl_rdata[11]" -section_id auto_signaltap_0
set_instance_assignment -name CONNECT_TO_SLD_NODE_ENTITY_PORT acq_data_in[46] -to "wr_rd:wr_rd_inst|avl_rdata[12]" -section_id auto_signaltap_0
set_instance_assignment -name CONNECT_TO_SLD_NODE_ENTITY_PORT acq_data_in[47] -to "wr_rd:wr_rd_inst|avl_rdata[13]" -section_id auto_signaltap_0
set_instance_assignment -name CONNECT_TO_SLD_NODE_ENTITY_PORT acq_data_in[48] -to "wr_rd:wr_rd_inst|avl_rdata[14]" -section_id auto_signaltap_0
set_instance_assignment -name CONNECT_TO_SLD_NODE_ENTITY_PORT acq_data_in[49] -to "wr_rd:wr_rd_inst|avl_rdata[15]" -section_id auto_signaltap_0
set_instance_assignment -name CONNECT_TO_SLD_NODE_ENTITY_PORT acq_data_in[50] -to "wr_rd:wr_rd_inst|avl_rdata[16]" -section_id auto_signaltap_0
set_instance_assignment -name CONNECT_TO_SLD_NODE_ENTITY_PORT acq_data_in[51] -to "wr_rd:wr_rd_inst|avl_rdata[17]" -section_id auto_signaltap_0
set_instance_assignment -name CONNECT_TO_SLD_NODE_ENTITY_PORT acq_data_in[52] -to "wr_rd:wr_rd_inst|avl_rdata[18]" -section_id auto_signaltap_0
set_instance_assignment -name CONNECT_TO_SLD_NODE_ENTITY_PORT acq_data_in[53] -to "wr_rd:wr_rd_inst|avl_rdata[19]" -section_id auto_signaltap_0
set_instance_assignment -name CONNECT_TO_SLD_NODE_ENTITY_PORT acq_data_in[54] -to "wr_rd:wr_rd_inst|avl_rdata[1]" -section_id auto_signaltap_0
set_instance_assignment -name CONNECT_TO_SLD_NODE_ENTITY_PORT acq_data_in[55] -to "wr_rd:wr_rd_inst|avl_rdata[20]" -section_id auto_signaltap_0
set_instance_assignment -name CONNECT_TO_SLD_NODE_ENTITY_PORT acq_data_in[56] -to "wr_rd:wr_rd_inst|avl_rdata[21]" -section_id auto_signaltap_0
set_instance_assignment -name CONNECT_TO_SLD_NODE_ENTITY_PORT acq_data_in[57] -to "wr_rd:wr_rd_inst|avl_rdata[22]" -section_id auto_signaltap_0
set_instance_assignment -name CONNECT_TO_SLD_NODE_ENTITY_PORT acq_data_in[58] -to "wr_rd:wr_rd_inst|avl_rdata[23]" -section_id auto_signaltap_0
set_instance_assignment -name CONNECT_TO_SLD_NODE_ENTITY_PORT acq_data_in[59] -to "wr_rd:wr_rd_inst|avl_rdata[24]" -section_id auto_signaltap_0
set_instance_assignment -name CONNECT_TO_SLD_NODE_ENTITY_PORT acq_data_in[60] -to "wr_rd:wr_rd_inst|avl_rdata[25]" -section_id auto_signaltap_0
set_instance_assignment -name CONNECT_TO_SLD_NODE_ENTITY_PORT acq_data_in[61] -to "wr_rd:wr_rd_inst|avl_rdata[26]" -section_id auto_signaltap_0
set_instance_assignment -name CONNECT_TO_SLD_NODE_ENTITY_PORT acq_data_in[62] -to "wr_rd:wr_rd_inst|avl_rdata[27]" -section_id auto_signaltap_0
set_instance_assignment -name CONNECT_TO_SLD_NODE_ENTITY_PORT acq_data_in[63] -to "wr_rd:wr_rd_inst|avl_rdata[28]" -section_id auto_signaltap_0
set_instance_assignment -name CONNECT_TO_SLD_NODE_ENTITY_PORT acq_data_in[64] -to "wr_rd:wr_rd_inst|avl_rdata[29]" -section_id auto_signaltap_0
set_instance_assignment -name CONNECT_TO_SLD_NODE_ENTITY_PORT acq_data_in[65] -to "wr_rd:wr_rd_inst|avl_rdata[2]" -section_id auto_signaltap_0
set_instance_assignment -name CONNECT_TO_SLD_NODE_ENTITY_PORT acq_data_in[66] -to "wr_rd:wr_rd_inst|avl_rdata[30]" -section_id auto_signaltap_0
set_instance_assignment -name CONNECT_TO_SLD_NODE_ENTITY_PORT acq_data_in[67] -to "wr_rd:wr_rd_inst|avl_rdata[31]" -section_id auto_signaltap_0
set_instance_assignment -name CONNECT_TO_SLD_NODE_ENTITY_PORT acq_data_in[68] -to "wr_rd:wr_rd_inst|avl_rdata[32]" -section_id auto_signaltap_0
set_instance_assignment -name CONNECT_TO_SLD_NODE_ENTITY_PORT acq_data_in[69] -to "wr_rd:wr_rd_inst|avl_rdata[33]" -section_id auto_signaltap_0
set_instance_assignment -name CONNECT_TO_SLD_NODE_ENTITY_PORT acq_data_in[70] -to "wr_rd:wr_rd_inst|avl_rdata[34]" -section_id auto_signaltap_0
set_instance_assignment -name CONNECT_TO_SLD_NODE_ENTITY_PORT acq_data_in[71] -to "wr_rd:wr_rd_inst|avl_rdata[35]" -section_id auto_signaltap_0
set_instance_assignment -name CONNECT_TO_SLD_NODE_ENTITY_PORT acq_data_in[72] -to "wr_rd:wr_rd_inst|avl_rdata[36]" -section_id auto_signaltap_0
set_instance_assignment -name CONNECT_TO_SLD_NODE_ENTITY_PORT acq_data_in[73] -to "wr_rd:wr_rd_inst|avl_rdata[37]" -section_id auto_signaltap_0
set_instance_assignment -name CONNECT_TO_SLD_NODE_ENTITY_PORT acq_data_in[74] -to "wr_rd:wr_rd_inst|avl_rdata[38]" -section_id auto_signaltap_0
set_instance_assignment -name CONNECT_TO_SLD_NODE_ENTITY_PORT acq_data_in[75] -to "wr_rd:wr_rd_inst|avl_rdata[39]" -section_id auto_signaltap_0
set_instance_assignment -name CONNECT_TO_SLD_NODE_ENTITY_PORT acq_data_in[76] -to "wr_rd:wr_rd_inst|avl_rdata[3]" -section_id auto_signaltap_0
set_instance_assignment -name CONNECT_TO_SLD_NODE_ENTITY_PORT acq_data_in[77] -to "wr_rd:wr_rd_inst|avl_rdata[40]" -section_id auto_signaltap_0
set_instance_assignment -name CONNECT_TO_SLD_NODE_ENTITY_PORT acq_data_in[78] -to "wr_rd:wr_rd_inst|avl_rdata[41]" -section_id auto_signaltap_0
set_instance_assignment -name CONNECT_TO_SLD_NODE_ENTITY_PORT acq_data_in[79] -to "wr_rd:wr_rd_inst|avl_rdata[42]" -section_id auto_signaltap_0
set_instance_assignment -name CONNECT_TO_SLD_NODE_ENTITY_PORT acq_data_in[80] -to "wr_rd:wr_rd_inst|avl_rdata[43]" -section_id auto_signaltap_0
set_instance_assignment -name CONNECT_TO_SLD_NODE_ENTITY_PORT acq_data_in[81] -to "wr_rd:wr_rd_inst|avl_rdata[44]" -section_id auto_signaltap_0
set_instance_assignment -name CONNECT_TO_SLD_NODE_ENTITY_PORT acq_data_in[82] -to "wr_rd:wr_rd_inst|avl_rdata[45]" -section_id auto_signaltap_0
set_instance_assignment -name CONNECT_TO_SLD_NODE_ENTITY_PORT acq_data_in[83] -to "wr_rd:wr_rd_inst|avl_rdata[46]" -section_id auto_signaltap_0
set_instance_assignment -name CONNECT_TO_SLD_NODE_ENTITY_PORT acq_data_in[84] -to "wr_rd:wr_rd_inst|avl_rdata[47]" -section_id auto_signaltap_0
set_instance_assignment -name CONNECT_TO_SLD_NODE_ENTITY_PORT acq_data_in[85] -to "wr_rd:wr_rd_inst|avl_rdata[48]" -section_id auto_signaltap_0
set_instance_assignment -name CONNECT_TO_SLD_NODE_ENTITY_PORT acq_data_in[86] -to "wr_rd:wr_rd_inst|avl_rdata[49]" -section_id auto_signaltap_0
set_instance_assignment -name CONNECT_TO_SLD_NODE_ENTITY_PORT acq_data_in[87] -to "wr_rd:wr_rd_inst|avl_rdata[4]" -section_id auto_signaltap_0
set_instance_assignment -name CONNECT_TO_SLD_NODE_ENTITY_PORT acq_data_in[88] -to "wr_rd:wr_rd_inst|avl_rdata[50]" -section_id auto_signaltap_0
set_instance_assignment -name CONNECT_TO_SLD_NODE_ENTITY_PORT acq_data_in[89] -to "wr_rd:wr_rd_inst|avl_rdata[51]" -section_id auto_signaltap_0
set_instance_assignment -name CONNECT_TO_SLD_NODE_ENTITY_PORT acq_data_in[90] -to "wr_rd:wr_rd_inst|avl_rdata[52]" -section_id auto_signaltap_0
set_instance_assignment -name CONNECT_TO_SLD_NODE_ENTITY_PORT acq_data_in[91] -to "wr_rd:wr_rd_inst|avl_rdata[53]" -section_id auto_signaltap_0
set_instance_assignment -name CONNECT_TO_SLD_NODE_ENTITY_PORT acq_data_in[92] -to "wr_rd:wr_rd_inst|avl_rdata[54]" -section_id auto_signaltap_0
set_instance_assignment -name CONNECT_TO_SLD_NODE_ENTITY_PORT acq_data_in[93] -to "wr_rd:wr_rd_inst|avl_rdata[55]" -section_id auto_signaltap_0
set_instance_assignment -name CONNECT_TO_SLD_NODE_ENTITY_PORT acq_data_in[94] -to "wr_rd:wr_rd_inst|avl_rdata[56]" -section_id auto_signaltap_0
set_instance_assignment -name CONNECT_TO_SLD_NODE_ENTITY_PORT acq_data_in[95] -to "wr_rd:wr_rd_inst|avl_rdata[57]" -section_id auto_signaltap_0
set_instance_assignment -name CONNECT_TO_SLD_NODE_ENTITY_PORT acq_data_in[96] -to "wr_rd:wr_rd_inst|avl_rdata[58]" -section_id auto_signaltap_0
set_instance_assignment -name CONNECT_TO_SLD_NODE_ENTITY_PORT acq_data_in[97] -to "wr_rd:wr_rd_inst|avl_rdata[59]" -section_id auto_signaltap_0
set_instance_assignment -name CONNECT_TO_SLD_NODE_ENTITY_PORT acq_data_in[98] -to "wr_rd:wr_rd_inst|avl_rdata[5]" -section_id auto_signaltap_0
set_instance_assignment -name CONNECT_TO_SLD_NODE_ENTITY_PORT acq_data_in[99] -to "wr_rd:wr_rd_inst|avl_rdata[60]" -section_id auto_signaltap_0
set_instance_assignment -name CONNECT_TO_SLD_NODE_ENTITY_PORT acq_data_in[100] -to "wr_rd:wr_rd_inst|avl_rdata[61]" -section_id auto_signaltap_0
set_instance_assignment -name CONNECT_TO_SLD_NODE_ENTITY_PORT acq_data_in[101] -to "wr_rd:wr_rd_inst|avl_rdata[62]" -section_id auto_signaltap_0
set_instance_assignment -name CONNECT_TO_SLD_NODE_ENTITY_PORT acq_data_in[102] -to "wr_rd:wr_rd_inst|avl_rdata[63]" -section_id auto_signaltap_0
set_instance_assignment -name CONNECT_TO_SLD_NODE_ENTITY_PORT acq_data_in[103] -to "wr_rd:wr_rd_inst|avl_rdata[6]" -section_id auto_signaltap_0
set_instance_assignment -name CONNECT_TO_SLD_NODE_ENTITY_PORT acq_data_in[104] -to "wr_rd:wr_rd_inst|avl_rdata[7]" -section_id auto_signaltap_0
set_instance_assignment -name CONNECT_TO_SLD_NODE_ENTITY_PORT acq_data_in[105] -to "wr_rd:wr_rd_inst|avl_rdata[8]" -section_id auto_signaltap_0
set_instance_assignment -name CONNECT_TO_SLD_NODE_ENTITY_PORT acq_data_in[106] -to "wr_rd:wr_rd_inst|avl_rdata[9]" -section_id auto_signaltap_0
set_instance_assignment -name CONNECT_TO_SLD_NODE_ENTITY_PORT acq_data_in[107] -to "wr_rd:wr_rd_inst|avl_size[0]" -section_id auto_signaltap_0
set_instance_assignment -name CONNECT_TO_SLD_NODE_ENTITY_PORT acq_data_in[108] -to "wr_rd:wr_rd_inst|avl_size[1]" -section_id auto_signaltap_0
set_instance_assignment -name CONNECT_TO_SLD_NODE_ENTITY_PORT acq_data_in[109] -to "wr_rd:wr_rd_inst|avl_size[2]" -section_id auto_signaltap_0
set_instance_assignment -name CONNECT_TO_SLD_NODE_ENTITY_PORT acq_data_in[110] -to "wr_rd:wr_rd_inst|avl_wdata[0]" -section_id auto_signaltap_0
set_instance_assignment -name CONNECT_TO_SLD_NODE_ENTITY_PORT acq_data_in[111] -to "wr_rd:wr_rd_inst|avl_wdata[10]" -section_id auto_signaltap_0
set_instance_assignment -name CONNECT_TO_SLD_NODE_ENTITY_PORT acq_data_in[112] -to "wr_rd:wr_rd_inst|avl_wdata[11]" -section_id auto_signaltap_0
set_instance_assignment -name CONNECT_TO_SLD_NODE_ENTITY_PORT acq_data_in[113] -to "wr_rd:wr_rd_inst|avl_wdata[12]" -section_id auto_signaltap_0
set_instance_assignment -name CONNECT_TO_SLD_NODE_ENTITY_PORT acq_data_in[114] -to "wr_rd:wr_rd_inst|avl_wdata[13]" -section_id auto_signaltap_0
set_instance_assignment -name CONNECT_TO_SLD_NODE_ENTITY_PORT acq_data_in[115] -to "wr_rd:wr_rd_inst|avl_wdata[14]" -section_id auto_signaltap_0
set_instance_assignment -name CONNECT_TO_SLD_NODE_ENTITY_PORT acq_data_in[116] -to "wr_rd:wr_rd_inst|avl_wdata[15]" -section_id auto_signaltap_0
set_instance_assignment -name CONNECT_TO_SLD_NODE_ENTITY_PORT acq_data_in[117] -to "wr_rd:wr_rd_inst|avl_wdata[16]" -section_id auto_signaltap_0
set_instance_assignment -name CONNECT_TO_SLD_NODE_ENTITY_PORT acq_data_in[118] -to "wr_rd:wr_rd_inst|avl_wdata[17]" -section_id auto_signaltap_0
set_instance_assignment -name CONNECT_TO_SLD_NODE_ENTITY_PORT acq_data_in[119] -to "wr_rd:wr_rd_inst|avl_wdata[18]" -section_id auto_signaltap_0
set_instance_assignment -name CONNECT_TO_SLD_NODE_ENTITY_PORT acq_data_in[120] -to "wr_rd:wr_rd_inst|avl_wdata[19]" -section_id auto_signaltap_0
set_instance_assignment -name CONNECT_TO_SLD_NODE_ENTITY_PORT acq_data_in[121] -to "wr_rd:wr_rd_inst|avl_wdata[1]" -section_id auto_signaltap_0
set_instance_assignment -name CONNECT_TO_SLD_NODE_ENTITY_PORT acq_data_in[122] -to "wr_rd:wr_rd_inst|avl_wdata[20]" -section_id auto_signaltap_0
set_instance_assignment -name CONNECT_TO_SLD_NODE_ENTITY_PORT acq_data_in[123] -to "wr_rd:wr_rd_inst|avl_wdata[21]" -section_id auto_signaltap_0
set_instance_assignment -name CONNECT_TO_SLD_NODE_ENTITY_PORT acq_data_in[124] -to "wr_rd:wr_rd_inst|avl_wdata[22]" -section_id auto_signaltap_0
set_instance_assignment -name CONNECT_TO_SLD_NODE_ENTITY_PORT acq_data_in[125] -to "wr_rd:wr_rd_inst|avl_wdata[23]" -section_id auto_signaltap_0
set_instance_assignment -name CONNECT_TO_SLD_NODE_ENTITY_PORT acq_data_in[126] -to "wr_rd:wr_rd_inst|avl_wdata[24]" -section_id auto_signaltap_0
set_instance_assignment -name CONNECT_TO_SLD_NODE_ENTITY_PORT acq_data_in[127] -to "wr_rd:wr_rd_inst|avl_wdata[25]" -section_id auto_signaltap_0
set_instance_assignment -name CONNECT_TO_SLD_NODE_ENTITY_PORT acq_data_in[128] -to "wr_rd:wr_rd_inst|avl_wdata[26]" -section_id auto_signaltap_0
set_instance_assignment -name CONNECT_TO_SLD_NODE_ENTITY_PORT acq_data_in[129] -to "wr_rd:wr_rd_inst|avl_wdata[27]" -section_id auto_signaltap_0
set_instance_assignment -name CONNECT_TO_SLD_NODE_ENTITY_PORT acq_data_in[130] -to "wr_rd:wr_rd_inst|avl_wdata[28]" -section_id auto_signaltap_0
set_instance_assignment -name CONNECT_TO_SLD_NODE_ENTITY_PORT acq_data_in[131] -to "wr_rd:wr_rd_inst|avl_wdata[29]" -section_id auto_signaltap_0
set_instance_assignment -name CONNECT_TO_SLD_NODE_ENTITY_PORT acq_data_in[132] -to "wr_rd:wr_rd_inst|avl_wdata[2]" -section_id auto_signaltap_0
set_instance_assignment -name CONNECT_TO_SLD_NODE_ENTITY_PORT acq_data_in[133] -to "wr_rd:wr_rd_inst|avl_wdata[30]" -section_id auto_signaltap_0
set_instance_assignment -name CONNECT_TO_SLD_NODE_ENTITY_PORT acq_data_in[134] -to "wr_rd:wr_rd_inst|avl_wdata[31]" -section_id auto_signaltap_0
set_instance_assignment -name CONNECT_TO_SLD_NODE_ENTITY_PORT acq_data_in[135] -to "wr_rd:wr_rd_inst|avl_wdata[32]" -section_id auto_signaltap_0
set_instance_assignment -name CONNECT_TO_SLD_NODE_ENTITY_PORT acq_data_in[136] -to "wr_rd:wr_rd_inst|avl_wdata[33]" -section_id auto_signaltap_0
set_instance_assignment -name CONNECT_TO_SLD_NODE_ENTITY_PORT acq_data_in[137] -to "wr_rd:wr_rd_inst|avl_wdata[34]" -section_id auto_signaltap_0
set_instance_assignment -name CONNECT_TO_SLD_NODE_ENTITY_PORT acq_data_in[138] -to "wr_rd:wr_rd_inst|avl_wdata[35]" -section_id auto_signaltap_0
set_instance_assignment -name CONNECT_TO_SLD_NODE_ENTITY_PORT acq_data_in[139] -to "wr_rd:wr_rd_inst|avl_wdata[36]" -section_id auto_signaltap_0
set_instance_assignment -name CONNECT_TO_SLD_NODE_ENTITY_PORT acq_data_in[140] -to "wr_rd:wr_rd_inst|avl_wdata[37]" -section_id auto_signaltap_0
set_instance_assignment -name CONNECT_TO_SLD_NODE_ENTITY_PORT acq_data_in[141] -to "wr_rd:wr_rd_inst|avl_wdata[38]" -section_id auto_signaltap_0
set_instance_assignment -name CONNECT_TO_SLD_NODE_ENTITY_PORT acq_data_in[142] -to "wr_rd:wr_rd_inst|avl_wdata[39]" -section_id auto_signaltap_0
set_instance_assignment -name CONNECT_TO_SLD_NODE_ENTITY_PORT acq_data_in[143] -to "wr_rd:wr_rd_inst|avl_wdata[3]" -section_id auto_signaltap_0
set_instance_assignment -name CONNECT_TO_SLD_NODE_ENTITY_PORT acq_data_in[144] -to "wr_rd:wr_rd_inst|avl_wdata[40]" -section_id auto_signaltap_0
set_instance_assignment -name CONNECT_TO_SLD_NODE_ENTITY_PORT acq_data_in[145] -to "wr_rd:wr_rd_inst|avl_wdata[41]" -section_id auto_signaltap_0
set_instance_assignment -name CONNECT_TO_SLD_NODE_ENTITY_PORT acq_data_in[146] -to "wr_rd:wr_rd_inst|avl_wdata[42]" -section_id auto_signaltap_0
set_instance_assignment -name CONNECT_TO_SLD_NODE_ENTITY_PORT acq_data_in[147] -to "wr_rd:wr_rd_inst|avl_wdata[43]" -section_id auto_signaltap_0
set_instance_assignment -name CONNECT_TO_SLD_NODE_ENTITY_PORT acq_data_in[148] -to "wr_rd:wr_rd_inst|avl_wdata[44]" -section_id auto_signaltap_0
set_instance_assignment -name CONNECT_TO_SLD_NODE_ENTITY_PORT acq_data_in[149] -to "wr_rd:wr_rd_inst|avl_wdata[45]" -section_id auto_signaltap_0
set_instance_assignment -name CONNECT_TO_SLD_NODE_ENTITY_PORT acq_data_in[150] -to "wr_rd:wr_rd_inst|avl_wdata[46]" -section_id auto_signaltap_0
set_instance_assignment -name CONNECT_TO_SLD_NODE_ENTITY_PORT acq_data_in[151] -to "wr_rd:wr_rd_inst|avl_wdata[47]" -section_id auto_signaltap_0
set_instance_assignment -name CONNECT_TO_SLD_NODE_ENTITY_PORT acq_data_in[152] -to "wr_rd:wr_rd_inst|avl_wdata[48]" -section_id auto_signaltap_0
set_instance_assignment -name CONNECT_TO_SLD_NODE_ENTITY_PORT acq_data_in[153] -to "wr_rd:wr_rd_inst|avl_wdata[49]" -section_id auto_signaltap_0
set_instance_assignment -name CONNECT_TO_SLD_NODE_ENTITY_PORT acq_data_in[154] -to "wr_rd:wr_rd_inst|avl_wdata[4]" -section_id auto_signaltap_0
set_instance_assignment -name CONNECT_TO_SLD_NODE_ENTITY_PORT acq_data_in[155] -to "wr_rd:wr_rd_inst|avl_wdata[50]" -section_id auto_signaltap_0
set_instance_assignment -name CONNECT_TO_SLD_NODE_ENTITY_PORT acq_data_in[156] -to "wr_rd:wr_rd_inst|avl_wdata[51]" -section_id auto_signaltap_0
set_instance_assignment -name CONNECT_TO_SLD_NODE_ENTITY_PORT acq_data_in[157] -to "wr_rd:wr_rd_inst|avl_wdata[52]" -section_id auto_signaltap_0
set_instance_assignment -name CONNECT_TO_SLD_NODE_ENTITY_PORT acq_data_in[158] -to "wr_rd:wr_rd_inst|avl_wdata[53]" -section_id auto_signaltap_0
set_instance_assignment -name CONNECT_TO_SLD_NODE_ENTITY_PORT acq_data_in[159] -to "wr_rd:wr_rd_inst|avl_wdata[54]" -section_id auto_signaltap_0
set_instance_assignment -name CONNECT_TO_SLD_NODE_ENTITY_PORT acq_data_in[160] -to "wr_rd:wr_rd_inst|avl_wdata[55]" -section_id auto_signaltap_0
set_instance_assignment -name CONNECT_TO_SLD_NODE_ENTITY_PORT acq_data_in[161] -to "wr_rd:wr_rd_inst|avl_wdata[56]" -section_id auto_signaltap_0
set_instance_assignment -name CONNECT_TO_SLD_NODE_ENTITY_PORT acq_data_in[162] -to "wr_rd:wr_rd_inst|avl_wdata[57]" -section_id auto_signaltap_0
set_instance_assignment -name CONNECT_TO_SLD_NODE_ENTITY_PORT acq_data_in[163] -to "wr_rd:wr_rd_inst|avl_wdata[58]" -section_id auto_signaltap_0
set_instance_assignment -name CONNECT_TO_SLD_NODE_ENTITY_PORT acq_data_in[164] -to "wr_rd:wr_rd_inst|avl_wdata[59]" -section_id auto_signaltap_0
set_instance_assignment -name CONNECT_TO_SLD_NODE_ENTITY_PORT acq_data_in[165] -to "wr_rd:wr_rd_inst|avl_wdata[5]" -section_id auto_signaltap_0
set_instance_assignment -name CONNECT_TO_SLD_NODE_ENTITY_PORT acq_data_in[166] -to "wr_rd:wr_rd_inst|avl_wdata[60]" -section_id auto_signaltap_0
set_instance_assignment -name CONNECT_TO_SLD_NODE_ENTITY_PORT acq_data_in[167] -to "wr_rd:wr_rd_inst|avl_wdata[61]" -section_id auto_signaltap_0
set_instance_assignment -name CONNECT_TO_SLD_NODE_ENTITY_PORT acq_data_in[168] -to "wr_rd:wr_rd_inst|avl_wdata[62]" -section_id auto_signaltap_0
set_instance_assignment -name CONNECT_TO_SLD_NODE_ENTITY_PORT acq_data_in[169] -to "wr_rd:wr_rd_inst|avl_wdata[63]" -section_id auto_signaltap_0
set_instance_assignment -name CONNECT_TO_SLD_NODE_ENTITY_PORT acq_data_in[170] -to "wr_rd:wr_rd_inst|avl_wdata[6]" -section_id auto_signaltap_0
set_instance_assignment -name CONNECT_TO_SLD_NODE_ENTITY_PORT acq_data_in[171] -to "wr_rd:wr_rd_inst|avl_wdata[7]" -section_id auto_signaltap_0
set_instance_assignment -name CONNECT_TO_SLD_NODE_ENTITY_PORT acq_data_in[172] -to "wr_rd:wr_rd_inst|avl_wdata[8]" -section_id auto_signaltap_0
set_instance_assignment -name CONNECT_TO_SLD_NODE_ENTITY_PORT acq_data_in[173] -to "wr_rd:wr_rd_inst|avl_wdata[9]" -section_id auto_signaltap_0
set_global_assignment -name SLD_NODE_PARAMETER_ASSIGNMENT "SLD_RAM_BLOCK_TYPE=AUTO" -section_id auto_signaltap_0
set_global_assignment -name SLD_NODE_PARAMETER_ASSIGNMENT "SLD_NODE_INFO=805334528" -section_id auto_signaltap_0
set_global_assignment -name SLD_NODE_PARAMETER_ASSIGNMENT "SLD_POWER_UP_TRIGGER=1" -section_id auto_signaltap_0
set_global_assignment -name SLD_NODE_PARAMETER_ASSIGNMENT "SLD_STORAGE_QUALIFIER_INVERSION_MASK_LENGTH=0" -section_id auto_signaltap_0
set_global_assignment -name SLD_NODE_PARAMETER_ASSIGNMENT "SLD_SEGMENT_SIZE=512" -section_id auto_signaltap_0
set_global_assignment -name SLD_NODE_PARAMETER_ASSIGNMENT "SLD_ATTRIBUTE_MEM_MODE=OFF" -section_id auto_signaltap_0
set_global_assignment -name SLD_NODE_PARAMETER_ASSIGNMENT "SLD_STATE_FLOW_USE_GENERATED=0" -section_id auto_signaltap_0
set_global_assignment -name SLD_NODE_PARAMETER_ASSIGNMENT "SLD_STATE_BITS=11" -section_id auto_signaltap_0
set_global_assignment -name SLD_NODE_PARAMETER_ASSIGNMENT "SLD_BUFFER_FULL_STOP=1" -section_id auto_signaltap_0
set_global_assignment -name SLD_NODE_PARAMETER_ASSIGNMENT "SLD_CURRENT_RESOURCE_WIDTH=1" -section_id auto_signaltap_0
set_global_assignment -name SLD_NODE_PARAMETER_ASSIGNMENT "SLD_INCREMENTAL_ROUTING=1" -section_id auto_signaltap_0
set_instance_assignment -name POST_FIT_CONNECT_TO_SLD_NODE_ENTITY_PORT crc[2] -to auto_signaltap_0|gnd -section_id auto_signaltap_0
set_instance_assignment -name POST_FIT_CONNECT_TO_SLD_NODE_ENTITY_PORT crc[6] -to auto_signaltap_0|gnd -section_id auto_signaltap_0
set_instance_assignment -name POST_FIT_CONNECT_TO_SLD_NODE_ENTITY_PORT crc[8] -to auto_signaltap_0|vcc -section_id auto_signaltap_0
set_instance_assignment -name POST_FIT_CONNECT_TO_SLD_NODE_ENTITY_PORT crc[9] -to auto_signaltap_0|vcc -section_id auto_signaltap_0
set_instance_assignment -name POST_FIT_CONNECT_TO_SLD_NODE_ENTITY_PORT crc[10] -to auto_signaltap_0|gnd -section_id auto_signaltap_0
set_instance_assignment -name POST_FIT_CONNECT_TO_SLD_NODE_ENTITY_PORT crc[11] -to auto_signaltap_0|gnd -section_id auto_signaltap_0
set_instance_assignment -name POST_FIT_CONNECT_TO_SLD_NODE_ENTITY_PORT crc[13] -to auto_signaltap_0|gnd -section_id auto_signaltap_0
set_instance_assignment -name POST_FIT_CONNECT_TO_SLD_NODE_ENTITY_PORT crc[15] -to auto_signaltap_0|vcc -section_id auto_signaltap_0
set_instance_assignment -name POST_FIT_CONNECT_TO_SLD_NODE_ENTITY_PORT crc[18] -to auto_signaltap_0|gnd -section_id auto_signaltap_0
set_instance_assignment -name POST_FIT_CONNECT_TO_SLD_NODE_ENTITY_PORT crc[19] -to auto_signaltap_0|gnd -section_id auto_signaltap_0
set_instance_assignment -name POST_FIT_CONNECT_TO_SLD_NODE_ENTITY_PORT crc[23] -to auto_signaltap_0|gnd -section_id auto_signaltap_0
set_instance_assignment -name POST_FIT_CONNECT_TO_SLD_NODE_ENTITY_PORT crc[26] -to auto_signaltap_0|gnd -section_id auto_signaltap_0
set_instance_assignment -name POST_FIT_CONNECT_TO_SLD_NODE_ENTITY_PORT crc[31] -to auto_signaltap_0|gnd -section_id auto_signaltap_0
set_global_assignment -name SLD_NODE_PARAMETER_ASSIGNMENT "SLD_TRIGGER_LEVEL=1" -section_id auto_signaltap_0
set_global_assignment -name SLD_NODE_PARAMETER_ASSIGNMENT "SLD_SAMPLE_DEPTH=512" -section_id auto_signaltap_0
set_global_assignment -name SLD_NODE_PARAMETER_ASSIGNMENT "SLD_TRIGGER_IN_ENABLED=0" -section_id auto_signaltap_0
set_global_assignment -name SLD_NODE_PARAMETER_ASSIGNMENT "SLD_ADVANCED_TRIGGER_ENTITY=basic,1," -section_id auto_signaltap_0
set_global_assignment -name SLD_NODE_PARAMETER_ASSIGNMENT "SLD_TRIGGER_LEVEL_PIPELINE=1" -section_id auto_signaltap_0
set_global_assignment -name SLD_NODE_PARAMETER_ASSIGNMENT "SLD_ENABLE_ADVANCED_TRIGGER=0" -section_id auto_signaltap_0
set_instance_assignment -name CONNECT_TO_SLD_NODE_ENTITY_PORT acq_trigger_in[174] -to "wr_rd:wr_rd_inst|state.IDLE" -section_id auto_signaltap_0
set_instance_assignment -name CONNECT_TO_SLD_NODE_ENTITY_PORT acq_trigger_in[175] -to "wr_rd:wr_rd_inst|state.PARK" -section_id auto_signaltap_0
set_instance_assignment -name CONNECT_TO_SLD_NODE_ENTITY_PORT acq_trigger_in[176] -to "wr_rd:wr_rd_inst|state.READ" -section_id auto_signaltap_0
set_instance_assignment -name CONNECT_TO_SLD_NODE_ENTITY_PORT acq_trigger_in[177] -to "wr_rd:wr_rd_inst|state.READ_DATA" -section_id auto_signaltap_0
set_instance_assignment -name CONNECT_TO_SLD_NODE_ENTITY_PORT acq_trigger_in[178] -to "wr_rd:wr_rd_inst|state.WRITE" -section_id auto_signaltap_0
set_instance_assignment -name CONNECT_TO_SLD_NODE_ENTITY_PORT acq_data_in[174] -to "wr_rd:wr_rd_inst|state.IDLE" -section_id auto_signaltap_0
set_instance_assignment -name CONNECT_TO_SLD_NODE_ENTITY_PORT acq_data_in[175] -to "wr_rd:wr_rd_inst|state.PARK" -section_id auto_signaltap_0
set_instance_assignment -name CONNECT_TO_SLD_NODE_ENTITY_PORT acq_data_in[176] -to "wr_rd:wr_rd_inst|state.READ" -section_id auto_signaltap_0
set_instance_assignment -name CONNECT_TO_SLD_NODE_ENTITY_PORT acq_data_in[177] -to "wr_rd:wr_rd_inst|state.READ_DATA" -section_id auto_signaltap_0
set_instance_assignment -name CONNECT_TO_SLD_NODE_ENTITY_PORT acq_data_in[178] -to "wr_rd:wr_rd_inst|state.WRITE" -section_id auto_signaltap_0
set_global_assignment -name SLD_NODE_PARAMETER_ASSIGNMENT "SLD_DATA_BITS=179" -section_id auto_signaltap_0
set_global_assignment -name SLD_NODE_PARAMETER_ASSIGNMENT "SLD_TRIGGER_BITS=179" -section_id auto_signaltap_0
set_global_assignment -name SLD_NODE_PARAMETER_ASSIGNMENT "SLD_STORAGE_QUALIFIER_BITS=179" -section_id auto_signaltap_0
set_global_assignment -name SLD_NODE_PARAMETER_ASSIGNMENT "SLD_INVERSION_MASK=00000000000000000000000000000000000000000000000000000000000000000000000000000000000000000000000000000000000000000000000000000000000000000000000000000000000000000000000000000000000000000000000000000000000000000000000000000000000000000000000000000000000000000000000000000000000000000000000000000000000000000000000000000000000000000000000000000000000000000000000000000000000000000000000000000000000000000000000000000000000000000000000000000000000000000000000000000000000000000000000000000000000000000000000000000000000011000000000000000000000000000010001110111111" -section_id auto_signaltap_0
set_global_assignment -name SLD_NODE_PARAMETER_ASSIGNMENT "SLD_INVERSION_MASK_LENGTH=560" -section_id auto_signaltap_0
set_instance_assignment -name POST_FIT_CONNECT_TO_SLD_NODE_ENTITY_PORT crc[0] -to auto_signaltap_0|vcc -section_id auto_signaltap_0
set_instance_assignment -name POST_FIT_CONNECT_TO_SLD_NODE_ENTITY_PORT crc[1] -to auto_signaltap_0|vcc -section_id auto_signaltap_0
set_instance_assignment -name POST_FIT_CONNECT_TO_SLD_NODE_ENTITY_PORT crc[3] -to auto_signaltap_0|vcc -section_id auto_signaltap_0
set_instance_assignment -name POST_FIT_CONNECT_TO_SLD_NODE_ENTITY_PORT crc[4] -to auto_signaltap_0|gnd -section_id auto_signaltap_0
set_instance_assignment -name POST_FIT_CONNECT_TO_SLD_NODE_ENTITY_PORT crc[5] -to auto_signaltap_0|vcc -section_id auto_signaltap_0
set_instance_assignment -name POST_FIT_CONNECT_TO_SLD_NODE_ENTITY_PORT crc[7] -to auto_signaltap_0|gnd -section_id auto_signaltap_0
set_instance_assignment -name POST_FIT_CONNECT_TO_SLD_NODE_ENTITY_PORT crc[12] -to auto_signaltap_0|vcc -section_id auto_signaltap_0
set_instance_assignment -name POST_FIT_CONNECT_TO_SLD_NODE_ENTITY_PORT crc[14] -to auto_signaltap_0|gnd -section_id auto_signaltap_0
set_instance_assignment -name POST_FIT_CONNECT_TO_SLD_NODE_ENTITY_PORT crc[16] -to auto_signaltap_0|gnd -section_id auto_signaltap_0
set_instance_assignment -name POST_FIT_CONNECT_TO_SLD_NODE_ENTITY_PORT crc[17] -to auto_signaltap_0|gnd -section_id auto_signaltap_0
set_instance_assignment -name POST_FIT_CONNECT_TO_SLD_NODE_ENTITY_PORT crc[20] -to auto_signaltap_0|vcc -section_id auto_signaltap_0
set_instance_assignment -name POST_FIT_CONNECT_TO_SLD_NODE_ENTITY_PORT crc[21] -to auto_signaltap_0|gnd -section_id auto_signaltap_0
set_instance_assignment -name POST_FIT_CONNECT_TO_SLD_NODE_ENTITY_PORT crc[22] -to auto_signaltap_0|vcc -section_id auto_signaltap_0
set_instance_assignment -name POST_FIT_CONNECT_TO_SLD_NODE_ENTITY_PORT crc[24] -to auto_signaltap_0|gnd -section_id auto_signaltap_0
set_instance_assignment -name POST_FIT_CONNECT_TO_SLD_NODE_ENTITY_PORT crc[25] -to auto_signaltap_0|gnd -section_id auto_signaltap_0
set_instance_assignment -name POST_FIT_CONNECT_TO_SLD_NODE_ENTITY_PORT crc[27] -to auto_signaltap_0|vcc -section_id auto_signaltap_0
set_instance_assignment -name POST_FIT_CONNECT_TO_SLD_NODE_ENTITY_PORT crc[28] -to auto_signaltap_0|vcc -section_id auto_signaltap_0
set_instance_assignment -name POST_FIT_CONNECT_TO_SLD_NODE_ENTITY_PORT crc[29] -to auto_signaltap_0|gnd -section_id auto_signaltap_0
set_instance_assignment -name POST_FIT_CONNECT_TO_SLD_NODE_ENTITY_PORT crc[30] -to auto_signaltap_0|vcc -section_id auto_signaltap_0
set_instance_assignment -name PARTITION_HIERARCHY root_partition -to | -section_id Top
set_global_assignment -name VERILOG_FILE src/data_gen.v
set_global_assignment -name QIP_FILE core/ddr3_bfifo.qip
set_global_assignment -name SLD_FILE db/stp1_auto_stripped.stp